// !$*UTF8*$!
{
	archiveVersion = 1;
	classes = {
	};
	objectVersion = 56;
	objects = {

/* Begin PBXBuildFile section */
		B00100000000000000000001 /* AiryApp.swift in Sources */ = {isa = PBXBuildFile; fileRef = F00100000000000000000001 /* AiryApp.swift */; };
		B00100000000000000000002 /* ContentView.swift in Sources */ = {isa = PBXBuildFile; fileRef = F00100000000000000000002 /* ContentView.swift */; };
		B00100000000000000000074 /* SplashView.swift in Sources */ = {isa = PBXBuildFile; fileRef = F00100000000000000000074 /* SplashView.swift */; };
		B00100000000000000000005 /* AuthStore.swift in Sources */ = {isa = PBXBuildFile; fileRef = F00100000000000000000005 /* AuthStore.swift */; };
		B00100000000000000000006 /* DashboardView.swift in Sources */ = {isa = PBXBuildFile; fileRef = F00100000000000000000006 /* DashboardView.swift */; };
		B00100000000000000000007 /* DashboardViewModel.swift in Sources */ = {isa = PBXBuildFile; fileRef = F00100000000000000000007 /* DashboardViewModel.swift */; };
		B00100000000000000000008 /* ImportView.swift in Sources */ = {isa = PBXBuildFile; fileRef = F00100000000000000000008 /* ImportView.swift */; };
		B00100000000000000000009 /* ImportViewModel.swift in Sources */ = {isa = PBXBuildFile; fileRef = F00100000000000000000009 /* ImportViewModel.swift */; };
		B0010000000000000000000A /* PendingReviewView.swift in Sources */ = {isa = PBXBuildFile; fileRef = F0010000000000000000000A /* PendingReviewView.swift */; };
		B0010000000000000000000B /* PendingReviewViewModel.swift in Sources */ = {isa = PBXBuildFile; fileRef = F0010000000000000000000B /* PendingReviewViewModel.swift */; };
		B0010000000000000000000C /* InsightsView.swift in Sources */ = {isa = PBXBuildFile; fileRef = F0010000000000000000000C /* InsightsView.swift */; };
		B0010000000000000000000D /* InsightsViewModel.swift in Sources */ = {isa = PBXBuildFile; fileRef = F0010000000000000000000D /* InsightsViewModel.swift */; };
		B0010000000000000000000E /* OnboardingView.swift in Sources */ = {isa = PBXBuildFile; fileRef = F0010000000000000000000E /* OnboardingView.swift */; };
		B0010000000000000000000F /* PaywallView.swift in Sources */ = {isa = PBXBuildFile; fileRef = F0010000000000000000000F /* PaywallView.swift */; };
		B00100000000000000000010 /* PaywallViewModel.swift in Sources */ = {isa = PBXBuildFile; fileRef = F00100000000000000000010 /* PaywallViewModel.swift */; };
		B00100000000000000000011 /* StoreKitService.swift in Sources */ = {isa = PBXBuildFile; fileRef = F00100000000000000000011 /* StoreKitService.swift */; };
		B00100000000000000000012 /* SettingsView.swift in Sources */ = {isa = PBXBuildFile; fileRef = F00100000000000000000012 /* SettingsView.swift */; };
		B00100000000000000000013 /* SubscriptionsView.swift in Sources */ = {isa = PBXBuildFile; fileRef = F00100000000000000000013 /* SubscriptionsView.swift */; };
		B00100000000000000000014 /* SubscriptionsViewModel.swift in Sources */ = {isa = PBXBuildFile; fileRef = F00100000000000000000014 /* SubscriptionsViewModel.swift */; };
		B00100000000000000000015 /* AddTransactionView.swift in Sources */ = {isa = PBXBuildFile; fileRef = F00100000000000000000015 /* AddTransactionView.swift */; };
		B00100000000000000000016 /* AddTransactionViewModel.swift in Sources */ = {isa = PBXBuildFile; fileRef = F00100000000000000000016 /* AddTransactionViewModel.swift */; };
		B00100000000000000000017 /* TransactionDetailView.swift in Sources */ = {isa = PBXBuildFile; fileRef = F00100000000000000000017 /* TransactionDetailView.swift */; };
		B00100000000000000000018 /* TransactionListView.swift in Sources */ = {isa = PBXBuildFile; fileRef = F00100000000000000000018 /* TransactionListView.swift */; };
		B00100000000000000000019 /* TransactionListViewModel.swift in Sources */ = {isa = PBXBuildFile; fileRef = F00100000000000000000019 /* TransactionListViewModel.swift */; };
		B0010000000000000000001A /* MainTabView.swift in Sources */ = {isa = PBXBuildFile; fileRef = F0010000000000000000001A /* MainTabView.swift */; };
		B0010000000000000000001B /* OCRService.swift in Sources */ = {isa = PBXBuildFile; fileRef = F0010000000000000000001B /* OCRService.swift */; };
		B0010000000000000000001D /* Assets.xcassets in Resources */ = {isa = PBXBuildFile; fileRef = F0010000000000000000001D /* Assets.xcassets */; };
		B0010000000000000000001E /* AppleSignInService.swift in Sources */ = {isa = PBXBuildFile; fileRef = F0010000000000000000001F /* AppleSignInService.swift */; };
		B00100000000000000000020 /* OnboardingFlowView.swift in Sources */ = {isa = PBXBuildFile; fileRef = F00100000000000000000020 /* OnboardingFlowView.swift */; };
		B00100000000000000000021 /* MonthDetailView.swift in Sources */ = {isa = PBXBuildFile; fileRef = F00100000000000000000021 /* MonthDetailView.swift */; };
		B00100000000000000000022 /* MonthDetailViewModel.swift in Sources */ = {isa = PBXBuildFile; fileRef = F00100000000000000000022 /* MonthDetailViewModel.swift */; };
		B00100000000000000000023 /* AmountKeyboardView.swift in Sources */ = {isa = PBXBuildFile; fileRef = F00100000000000000000023 /* AmountKeyboardView.swift */; };
		B00100000000000000000024 /* AddActionSheetView.swift in Sources */ = {isa = PBXBuildFile; fileRef = F00100000000000000000024 /* AddActionSheetView.swift */; };
		B00100000000000000000025 /* Subcategory.swift in Sources */ = {isa = PBXBuildFile; fileRef = F00100000000000000000025 /* Subcategory.swift */; };
		B00100000000000000000026 /* NewSubcategorySheetView.swift in Sources */ = {isa = PBXBuildFile; fileRef = F00100000000000000000026 /* NewSubcategorySheetView.swift */; };
		B00100000000000000000027 /* CategoriesSheetView.swift in Sources */ = {isa = PBXBuildFile; fileRef = F00100000000000000000027 /* CategoriesSheetView.swift */; };
		B00100000000000000000028 /* KeychainHelper.swift in Sources */ = {isa = PBXBuildFile; fileRef = F00100000000000000000028 /* KeychainHelper.swift */; };
		B00100000000000000000029 /* LocalModels.swift in Sources */ = {isa = PBXBuildFile; fileRef = F00100000000000000000029 /* LocalModels.swift */; };
		B0010000000000000000002A /* LocalDataStore.swift in Sources */ = {isa = PBXBuildFile; fileRef = F0010000000000000000002A /* LocalDataStore.swift */; };
		B0010000000000000000002C /* Category.swift in Sources */ = {isa = PBXBuildFile; fileRef = F0010000000000000000002C /* Category.swift */; };
		B0010000000000000000002D /* NewCategorySheetView.swift in Sources */ = {isa = PBXBuildFile; fileRef = F0010000000000000000002D /* NewCategorySheetView.swift */; };
		B0010000000000000000002E /* GalleryPickerView.swift in Sources */ = {isa = PBXBuildFile; fileRef = F0010000000000000000002E /* GalleryPickerView.swift */; };
		B0010000000000000000002F /* AnalyzingTransactionsView.swift in Sources */ = {isa = PBXBuildFile; fileRef = F0010000000000000000002F /* AnalyzingTransactionsView.swift */; };
		B00100000000000000000033 /* GPTRulesService.swift in Sources */ = {isa = PBXBuildFile; fileRef = F00100000000000000000033 /* GPTRulesService.swift */; };
		B00100000000000000000080 /* CurrencyPickerView.swift in Sources */ = {isa = PBXBuildFile; fileRef = F00100000000000000000080 /* CurrencyPickerView.swift */; };
		B00100000000000000000081 /* AppearanceView.swift in Sources */ = {isa = PBXBuildFile; fileRef = F00100000000000000000081 /* AppearanceView.swift */; };
		B00100000000000000000082 /* AppearanceStore.swift in Sources */ = {isa = PBXBuildFile; fileRef = F00100000000000000000082 /* AppearanceStore.swift */; };
		B00100000000000000000083 /* ThemeProvider.swift in Sources */ = {isa = PBXBuildFile; fileRef = F00100000000000000000083 /* ThemeProvider.swift */; };
		B00100000000000000000084 /* ThemePickerSheetView.swift in Sources */ = {isa = PBXBuildFile; fileRef = F00100000000000000000084 /* ThemePickerSheetView.swift */; };
		B00100000000000000000085 /* IncomeExpenseColorPickerSheet.swift in Sources */ = {isa = PBXBuildFile; fileRef = F00100000000000000000085 /* IncomeExpenseColorPickerSheet.swift */; };
		B00100000000000000000086 /* ExportDataView.swift in Sources */ = {isa = PBXBuildFile; fileRef = F00100000000000000000086 /* ExportDataView.swift */; };
		B00100000000000000000087 /* ExportDataViewModel.swift in Sources */ = {isa = PBXBuildFile; fileRef = F00100000000000000000087 /* ExportDataViewModel.swift */; };
		B00100000000000000000088 /* ExportColumnPickerView.swift in Sources */ = {isa = PBXBuildFile; fileRef = F00100000000000000000088 /* ExportColumnPickerView.swift */; };
		B00100000000000000000089 /* ExportTransactionPreviewView.swift in Sources */ = {isa = PBXBuildFile; fileRef = F00100000000000000000089 /* ExportTransactionPreviewView.swift */; };
		B00100000000000000000090 /* ImportDataView.swift in Sources */ = {isa = PBXBuildFile; fileRef = F00100000000000000000090 /* ImportDataView.swift */; };
		B00100000000000000000091 /* ImportDataViewModel.swift in Sources */ = {isa = PBXBuildFile; fileRef = F00100000000000000000091 /* ImportDataViewModel.swift */; };
		B00100000000000000000150 /* SecurityAccessView.swift in Sources */ = {isa = PBXBuildFile; fileRef = F00100000000000000000150 /* SecurityAccessView.swift */; };
		B00100000000000000000190 /* PrivacyTermsView.swift in Sources */ = {isa = PBXBuildFile; fileRef = F00100000000000000000190 /* PrivacyTermsView.swift */; };
		B001000000000000000001A0 /* YearInReviewView.swift in Sources */ = {isa = PBXBuildFile; fileRef = F001000000000000000001A0 /* YearInReviewView.swift */; };
		B001000000000000000001A1 /* YearInReviewViewModel.swift in Sources */ = {isa = PBXBuildFile; fileRef = F001000000000000000001A1 /* YearInReviewViewModel.swift */; };
		B001000000000000000001A2 /* YearInReviewModels.swift in Sources */ = {isa = PBXBuildFile; fileRef = F001000000000000000001A2 /* YearInReviewModels.swift */; };
		B001000000000000000001A3 /* YearInReviewInsightEngine.swift in Sources */ = {isa = PBXBuildFile; fileRef = F001000000000000000001A3 /* YearInReviewInsightEngine.swift */; };
		B00100000000000000000200 /* LegalTextView.swift in Sources */ = {isa = PBXBuildFile; fileRef = F00100000000000000000200 /* LegalTextView.swift */; };
		B00100000000000000000210 /* ManageCategoriesView.swift in Sources */ = {isa = PBXBuildFile; fileRef = F00100000000000000000210 /* ManageCategoriesView.swift */; };
		B00100000000000000000160 /* AppLockView.swift in Sources */ = {isa = PBXBuildFile; fileRef = F00100000000000000000160 /* AppLockView.swift */; };
		B00100000000000000000170 /* AppLockManager.swift in Sources */ = {isa = PBXBuildFile; fileRef = F00100000000000000000170 /* AppLockManager.swift */; };
		B00100000000000000000180 /* PasscodeEntryView.swift in Sources */ = {isa = PBXBuildFile; fileRef = F00100000000000000000180 /* PasscodeEntryView.swift */; };
		B00100000000000000000092 /* Formatters.swift in Sources */ = {isa = PBXBuildFile; fileRef = F00100000000000000000092 /* Formatters.swift */; };
		B00100000000000000000035 /* ScreenType.swift in Sources */ = {isa = PBXBuildFile; fileRef = F00100000000000000000035 /* ScreenType.swift */; };
		B00100000000000000000036 /* TransactionStatus.swift in Sources */ = {isa = PBXBuildFile; fileRef = F00100000000000000000036 /* TransactionStatus.swift */; };
		B00100000000000000000037 /* TransactionType.swift in Sources */ = {isa = PBXBuildFile; fileRef = F00100000000000000000037 /* TransactionType.swift */; };
		B00100000000000000000038 /* CandidateTransaction.swift in Sources */ = {isa = PBXBuildFile; fileRef = F00100000000000000000038 /* CandidateTransaction.swift */; };
		B00100000000000000000039 /* ExtractionResult.swift in Sources */ = {isa = PBXBuildFile; fileRef = F00100000000000000000039 /* ExtractionResult.swift */; };
		B0010000000000000000003A /* ReviewModels.swift in Sources */ = {isa = PBXBuildFile; fileRef = F0010000000000000000003A /* ReviewModels.swift */; };
		B0010000000000000000003B /* TransactionReviewCard.swift in Sources */ = {isa = PBXBuildFile; fileRef = F0010000000000000000003B /* TransactionReviewCard.swift */; };
		B0010000000000000000003C /* BottomNavBarView.swift in Sources */ = {isa = PBXBuildFile; fileRef = F0010000000000000000003C /* BottomNavBarView.swift */; };
		B0010000000000000000003D /* CalendarPickerSheetView.swift in Sources */ = {isa = PBXBuildFile; fileRef = F0010000000000000000003D /* CalendarPickerSheetView.swift */; };
		B0010000000000000000003E /* CategoryBreakdownView.swift in Sources */ = {isa = PBXBuildFile; fileRef = F0010000000000000000003E /* CategoryBreakdownView.swift */; };
		B0010000000000000000003F /* CategoryDetailView.swift in Sources */ = {isa = PBXBuildFile; fileRef = F0010000000000000000003F /* CategoryDetailView.swift */; };
		B00100000000000000000042 /* ScrollViewNoBounce.swift in Sources */ = {isa = PBXBuildFile; fileRef = F00100000000000000000042 /* ScrollViewNoBounce.swift */; };
		B00100000000000000000043 /* SFSymbolsCatalog.swift in Sources */ = {isa = PBXBuildFile; fileRef = F00100000000000000000043 /* SFSymbolsCatalog.swift */; };
		B00100000000000000000044 /* IconLibraryView.swift in Sources */ = {isa = PBXBuildFile; fileRef = F00100000000000000000044 /* IconLibraryView.swift */; };
		B00100000000000000000045 /* AppSecrets.swift in Sources */ = {isa = PBXBuildFile; fileRef = F00100000000000000000045 /* AppSecrets.swift */; };
		B0010000000000000000004C /* CurrencyService.swift in Sources */ = {isa = PBXBuildFile; fileRef = F0010000000000000000004C /* CurrencyService.swift */; };
		B0010000000000000000004D /* MerchantCategoryRuleStore.swift in Sources */ = {isa = PBXBuildFile; fileRef = F0010000000000000000004D /* MerchantCategoryRuleStore.swift */; };
		B0010000000000000000004E /* ExtractionDebugReport.swift in Sources */ = {isa = PBXBuildFile; fileRef = F0010000000000000000004E /* ExtractionDebugReport.swift */; };
		B0010000000000000000004F /* ExtractionDebugReportListView.swift in Sources */ = {isa = PBXBuildFile; fileRef = F0010000000000000000004F /* ExtractionDebugReportListView.swift */; };
		B00100000000000000000058 /* AiryActivityAttributes.swift in Sources */ = {isa = PBXBuildFile; fileRef = F00100000000000000000058 /* AiryActivityAttributes.swift */; };
		B00100000000000000000059 /* AiryActivityAttributes.swift in Sources */ = {isa = PBXBuildFile; fileRef = F00100000000000000000058 /* AiryActivityAttributes.swift */; };
		B0010000000000000000005A /* AiryLiveActivity.swift in Sources */ = {isa = PBXBuildFile; fileRef = F00100000000000000000059 /* AiryLiveActivity.swift */; };
		B0010000000000000000005B /* WidgetBundle.swift in Sources */ = {isa = PBXBuildFile; fileRef = F0010000000000000000005A /* WidgetBundle.swift */; };
		B0010000000000000000005C /* AiryWidgets.appex in Embed Foundation Extensions */ = {isa = PBXBuildFile; fileRef = TARG00000000000000000003 /* AiryWidgets.appex */; settings = {ATTRIBUTES = (RemoveHeadersOnCopy, ); }; };
		B0010000000000000000005D /* GPTBackgroundSession.swift in Sources */ = {isa = PBXBuildFile; fileRef = F0010000000000000000005B /* GPTBackgroundSession.swift */; };
		B0010000000000000000005E /* AiryAppDelegate.swift in Sources */ = {isa = PBXBuildFile; fileRef = F0010000000000000000005C /* AiryAppDelegate.swift */; };
		B0010000000000000000005F /* EditSubscriptionView.swift in Sources */ = {isa = PBXBuildFile; fileRef = F0010000000000000000005F /* EditSubscriptionView.swift */; };
		B00100000000000000000060 /* EditSubscriptionViewModel.swift in Sources */ = {isa = PBXBuildFile; fileRef = F00100000000000000000060 /* EditSubscriptionViewModel.swift */; };
		B00100000000000000000061 /* SubscriptionInsightStore.swift in Sources */ = {isa = PBXBuildFile; fileRef = F0010000000000000000005D /* SubscriptionInsightStore.swift */; };
		B00100000000000000000062 /* SubscriptionAnalysisService.swift in Sources */ = {isa = PBXBuildFile; fileRef = F0010000000000000000005E /* SubscriptionAnalysisService.swift */; };
		B00100000000000000000063 /* SpendingInsightModels.swift in Sources */ = {isa = PBXBuildFile; fileRef = F00100000000000000000061 /* SpendingInsightModels.swift */; };
		B00100000000000000000064 /* SpendingInsightsEngine.swift in Sources */ = {isa = PBXBuildFile; fileRef = F00100000000000000000062 /* SpendingInsightsEngine.swift */; };
		B00100000000000000000065 /* SubscriptionLabView.swift in Sources */ = {isa = PBXBuildFile; fileRef = F00100000000000000000063 /* SubscriptionLabView.swift */; };
		B00100000000000000000066 /* SubscriptionLabViewModel.swift in Sources */ = {isa = PBXBuildFile; fileRef = F00100000000000000000064 /* SubscriptionLabViewModel.swift */; };
		B00100000000000000000067 /* AppLanguage.swift in Sources */ = {isa = PBXBuildFile; fileRef = F00100000000000000000065 /* AppLanguage.swift */; };
		B00100000000000000000068 /* LanguageManager.swift in Sources */ = {isa = PBXBuildFile; fileRef = F00100000000000000000066 /* LanguageManager.swift */; };
		B00100000000000000000069 /* Translations+EN.swift in Sources */ = {isa = PBXBuildFile; fileRef = F00100000000000000000067 /* Translations+EN.swift */; };
		B0010000000000000000006A /* Translations+RU.swift in Sources */ = {isa = PBXBuildFile; fileRef = F00100000000000000000068 /* Translations+RU.swift */; };
		B0010000000000000000006B /* Translations+UK.swift in Sources */ = {isa = PBXBuildFile; fileRef = F00100000000000000000069 /* Translations+UK.swift */; };
		B0010000000000000000006C /* Translations+BE.swift in Sources */ = {isa = PBXBuildFile; fileRef = F0010000000000000000006A /* Translations+BE.swift */; };
		B0010000000000000000006D /* Translations+ZH.swift in Sources */ = {isa = PBXBuildFile; fileRef = F0010000000000000000006B /* Translations+ZH.swift */; };
		B0010000000000000000006E /* Translations+ES.swift in Sources */ = {isa = PBXBuildFile; fileRef = F0010000000000000000006C /* Translations+ES.swift */; };
		B0010000000000000000006F /* Translations+FR.swift in Sources */ = {isa = PBXBuildFile; fileRef = F0010000000000000000006D /* Translations+FR.swift */; };
		B00100000000000000000070 /* Translations+DE.swift in Sources */ = {isa = PBXBuildFile; fileRef = F0010000000000000000006E /* Translations+DE.swift */; };
		B00100000000000000000071 /* Translations+JA.swift in Sources */ = {isa = PBXBuildFile; fileRef = F0010000000000000000006F /* Translations+JA.swift */; };
		B00100000000000000000072 /* Translations+PT.swift in Sources */ = {isa = PBXBuildFile; fileRef = F00100000000000000000070 /* Translations+PT.swift */; };
		B00100000000000000000073 /* LanguagePickerView.swift in Sources */ = {isa = PBXBuildFile; fileRef = F00100000000000000000071 /* LanguagePickerView.swift */; };
		B00100000000000000000300 /* ImageHashCacheStore.swift in Sources */ = {isa = PBXBuildFile; fileRef = F00100000000000000000300 /* ImageHashCacheStore.swift */; };
		B00100000000000000000301 /* MerchantAliasStore.swift in Sources */ = {isa = PBXBuildFile; fileRef = F00100000000000000000301 /* MerchantAliasStore.swift */; };
		B00100000000000000000302 /* CanonicalTransaction.swift in Sources */ = {isa = PBXBuildFile; fileRef = F00100000000000000000302 /* CanonicalTransaction.swift */; };
		B00100000000000000000303 /* DuplicateClassifier.swift in Sources */ = {isa = PBXBuildFile; fileRef = F00100000000000000000303 /* DuplicateClassifier.swift */; };
		B00100000000000000000304 /* ExtractionPipeline.swift in Sources */ = {isa = PBXBuildFile; fileRef = F00100000000000000000304 /* ExtractionPipeline.swift */; };
		B00100000000000000000305 /* OCRNormalizer.swift in Sources */ = {isa = PBXBuildFile; fileRef = F00100000000000000000305 /* OCRNormalizer.swift */; };
		B00100000000000000000306 /* SheetSafeTextField.swift in Sources */ = {isa = PBXBuildFile; fileRef = F00100000000000000000306 /* SheetSafeTextField.swift */; };
/* End PBXBuildFile section */

/* Begin PBXContainerItemProxy section */
		PROXY0000000000000000001 /* PBXContainerItemProxy */ = {
			isa = PBXContainerItemProxy;
			containerPortal = PROJ00000000000000000001 /* Project object */;
			proxyType = 1;
			remoteGlobalIDString = TARG00000000000000000004;
			remoteInfo = AiryWidgets;
		};
/* End PBXContainerItemProxy section */

/* Begin PBXCopyFilesBuildPhase section */
		COPYBP00000000000000001 /* Embed Foundation Extensions */ = {
			isa = PBXCopyFilesBuildPhase;
			buildActionMask = 2147483647;
			dstPath = "";
			dstSubfolderSpec = 13;
			files = (
				B0010000000000000000005C /* AiryWidgets.appex in Embed Foundation Extensions */,
			);
			name = "Embed Foundation Extensions";
			runOnlyForDeploymentPostprocessing = 0;
		};
/* End PBXCopyFilesBuildPhase section */

/* Begin PBXFileReference section */
		F00100000000000000000001 /* AiryApp.swift */ = {isa = PBXFileReference; lastKnownFileType = sourcecode.swift; path = AiryApp.swift; sourceTree = "<group>"; };
		F00100000000000000000002 /* ContentView.swift */ = {isa = PBXFileReference; lastKnownFileType = sourcecode.swift; path = ContentView.swift; sourceTree = "<group>"; };
		F00100000000000000000074 /* SplashView.swift */ = {isa = PBXFileReference; lastKnownFileType = sourcecode.swift; path = SplashView.swift; sourceTree = "<group>"; };
		F00100000000000000000005 /* AuthStore.swift */ = {isa = PBXFileReference; lastKnownFileType = sourcecode.swift; path = AuthStore.swift; sourceTree = "<group>"; };
		F00100000000000000000006 /* DashboardView.swift */ = {isa = PBXFileReference; lastKnownFileType = sourcecode.swift; path = DashboardView.swift; sourceTree = "<group>"; };
		F00100000000000000000007 /* DashboardViewModel.swift */ = {isa = PBXFileReference; lastKnownFileType = sourcecode.swift; path = DashboardViewModel.swift; sourceTree = "<group>"; };
		F00100000000000000000008 /* ImportView.swift */ = {isa = PBXFileReference; lastKnownFileType = sourcecode.swift; path = ImportView.swift; sourceTree = "<group>"; };
		F00100000000000000000009 /* ImportViewModel.swift */ = {isa = PBXFileReference; lastKnownFileType = sourcecode.swift; path = ImportViewModel.swift; sourceTree = "<group>"; };
		F0010000000000000000000A /* PendingReviewView.swift */ = {isa = PBXFileReference; lastKnownFileType = sourcecode.swift; path = PendingReviewView.swift; sourceTree = "<group>"; };
		F0010000000000000000000B /* PendingReviewViewModel.swift */ = {isa = PBXFileReference; lastKnownFileType = sourcecode.swift; path = PendingReviewViewModel.swift; sourceTree = "<group>"; };
		F0010000000000000000000C /* InsightsView.swift */ = {isa = PBXFileReference; lastKnownFileType = sourcecode.swift; path = InsightsView.swift; sourceTree = "<group>"; };
		F0010000000000000000000D /* InsightsViewModel.swift */ = {isa = PBXFileReference; lastKnownFileType = sourcecode.swift; path = InsightsViewModel.swift; sourceTree = "<group>"; };
		F0010000000000000000000E /* OnboardingView.swift */ = {isa = PBXFileReference; lastKnownFileType = sourcecode.swift; path = OnboardingView.swift; sourceTree = "<group>"; };
		F0010000000000000000000F /* PaywallView.swift */ = {isa = PBXFileReference; lastKnownFileType = sourcecode.swift; path = PaywallView.swift; sourceTree = "<group>"; };
		F00100000000000000000010 /* PaywallViewModel.swift */ = {isa = PBXFileReference; lastKnownFileType = sourcecode.swift; path = PaywallViewModel.swift; sourceTree = "<group>"; };
		F00100000000000000000011 /* StoreKitService.swift */ = {isa = PBXFileReference; lastKnownFileType = sourcecode.swift; path = StoreKitService.swift; sourceTree = "<group>"; };
		F00100000000000000000012 /* SettingsView.swift */ = {isa = PBXFileReference; lastKnownFileType = sourcecode.swift; path = SettingsView.swift; sourceTree = "<group>"; };
		F00100000000000000000013 /* SubscriptionsView.swift */ = {isa = PBXFileReference; lastKnownFileType = sourcecode.swift; path = SubscriptionsView.swift; sourceTree = "<group>"; };
		F00100000000000000000014 /* SubscriptionsViewModel.swift */ = {isa = PBXFileReference; lastKnownFileType = sourcecode.swift; path = SubscriptionsViewModel.swift; sourceTree = "<group>"; };
		F00100000000000000000015 /* AddTransactionView.swift */ = {isa = PBXFileReference; lastKnownFileType = sourcecode.swift; path = AddTransactionView.swift; sourceTree = "<group>"; };
		F00100000000000000000016 /* AddTransactionViewModel.swift */ = {isa = PBXFileReference; lastKnownFileType = sourcecode.swift; path = AddTransactionViewModel.swift; sourceTree = "<group>"; };
		F00100000000000000000017 /* TransactionDetailView.swift */ = {isa = PBXFileReference; lastKnownFileType = sourcecode.swift; path = TransactionDetailView.swift; sourceTree = "<group>"; };
		F00100000000000000000018 /* TransactionListView.swift */ = {isa = PBXFileReference; lastKnownFileType = sourcecode.swift; path = TransactionListView.swift; sourceTree = "<group>"; };
		F00100000000000000000019 /* TransactionListViewModel.swift */ = {isa = PBXFileReference; lastKnownFileType = sourcecode.swift; path = TransactionListViewModel.swift; sourceTree = "<group>"; };
		F0010000000000000000001A /* MainTabView.swift */ = {isa = PBXFileReference; lastKnownFileType = sourcecode.swift; path = MainTabView.swift; sourceTree = "<group>"; };
		F0010000000000000000001B /* OCRService.swift */ = {isa = PBXFileReference; lastKnownFileType = sourcecode.swift; path = OCRService.swift; sourceTree = "<group>"; };
		F0010000000000000000001C /* Info.plist */ = {isa = PBXFileReference; lastKnownFileType = text.plist.xml; path = Info.plist; sourceTree = "<group>"; };
		F0010000000000000000001D /* Assets.xcassets */ = {isa = PBXFileReference; lastKnownFileType = folder.assetcatalog; path = Assets.xcassets; sourceTree = "<group>"; };
		F0010000000000000000001E /* Airy.entitlements */ = {isa = PBXFileReference; lastKnownFileType = text.plist.entitlements; path = Airy.entitlements; sourceTree = "<group>"; };
		F0010000000000000000001F /* AppleSignInService.swift */ = {isa = PBXFileReference; lastKnownFileType = sourcecode.swift; path = AppleSignInService.swift; sourceTree = "<group>"; };
		F00100000000000000000020 /* OnboardingFlowView.swift */ = {isa = PBXFileReference; lastKnownFileType = sourcecode.swift; path = OnboardingFlowView.swift; sourceTree = "<group>"; };
		F00100000000000000000021 /* MonthDetailView.swift */ = {isa = PBXFileReference; lastKnownFileType = sourcecode.swift; path = MonthDetailView.swift; sourceTree = "<group>"; };
		F00100000000000000000022 /* MonthDetailViewModel.swift */ = {isa = PBXFileReference; lastKnownFileType = sourcecode.swift; path = MonthDetailViewModel.swift; sourceTree = "<group>"; };
		F00100000000000000000023 /* AmountKeyboardView.swift */ = {isa = PBXFileReference; lastKnownFileType = sourcecode.swift; path = AmountKeyboardView.swift; sourceTree = "<group>"; };
		F00100000000000000000024 /* AddActionSheetView.swift */ = {isa = PBXFileReference; lastKnownFileType = sourcecode.swift; path = AddActionSheetView.swift; sourceTree = "<group>"; };
		F00100000000000000000025 /* Subcategory.swift */ = {isa = PBXFileReference; lastKnownFileType = sourcecode.swift; path = Subcategory.swift; sourceTree = "<group>"; };
		F00100000000000000000026 /* NewSubcategorySheetView.swift */ = {isa = PBXFileReference; lastKnownFileType = sourcecode.swift; path = NewSubcategorySheetView.swift; sourceTree = "<group>"; };
		F00100000000000000000027 /* CategoriesSheetView.swift */ = {isa = PBXFileReference; lastKnownFileType = sourcecode.swift; path = CategoriesSheetView.swift; sourceTree = "<group>"; };
		F00100000000000000000028 /* KeychainHelper.swift */ = {isa = PBXFileReference; lastKnownFileType = sourcecode.swift; path = KeychainHelper.swift; sourceTree = "<group>"; };
		F00100000000000000000029 /* LocalModels.swift */ = {isa = PBXFileReference; lastKnownFileType = sourcecode.swift; path = LocalModels.swift; sourceTree = "<group>"; };
		F0010000000000000000002A /* LocalDataStore.swift */ = {isa = PBXFileReference; lastKnownFileType = sourcecode.swift; path = LocalDataStore.swift; sourceTree = "<group>"; };
		F0010000000000000000002C /* Category.swift */ = {isa = PBXFileReference; lastKnownFileType = sourcecode.swift; path = Category.swift; sourceTree = "<group>"; };
		F0010000000000000000002D /* NewCategorySheetView.swift */ = {isa = PBXFileReference; lastKnownFileType = sourcecode.swift; path = NewCategorySheetView.swift; sourceTree = "<group>"; };
		F0010000000000000000002E /* GalleryPickerView.swift */ = {isa = PBXFileReference; lastKnownFileType = sourcecode.swift; path = GalleryPickerView.swift; sourceTree = "<group>"; };
		F0010000000000000000002F /* AnalyzingTransactionsView.swift */ = {isa = PBXFileReference; lastKnownFileType = sourcecode.swift; path = AnalyzingTransactionsView.swift; sourceTree = "<group>"; };
		F00100000000000000000033 /* GPTRulesService.swift */ = {isa = PBXFileReference; lastKnownFileType = sourcecode.swift; path = GPTRulesService.swift; sourceTree = "<group>"; };
		F00100000000000000000080 /* CurrencyPickerView.swift */ = {isa = PBXFileReference; lastKnownFileType = sourcecode.swift; path = CurrencyPickerView.swift; sourceTree = "<group>"; };
		F00100000000000000000081 /* AppearanceView.swift */ = {isa = PBXFileReference; lastKnownFileType = sourcecode.swift; path = AppearanceView.swift; sourceTree = "<group>"; };
		F00100000000000000000082 /* AppearanceStore.swift */ = {isa = PBXFileReference; lastKnownFileType = sourcecode.swift; path = AppearanceStore.swift; sourceTree = "<group>"; };
		F00100000000000000000083 /* ThemeProvider.swift */ = {isa = PBXFileReference; lastKnownFileType = sourcecode.swift; path = ThemeProvider.swift; sourceTree = "<group>"; };
		F00100000000000000000084 /* ThemePickerSheetView.swift */ = {isa = PBXFileReference; lastKnownFileType = sourcecode.swift; path = ThemePickerSheetView.swift; sourceTree = "<group>"; };
		F00100000000000000000085 /* IncomeExpenseColorPickerSheet.swift */ = {isa = PBXFileReference; lastKnownFileType = sourcecode.swift; path = IncomeExpenseColorPickerSheet.swift; sourceTree = "<group>"; };
		F00100000000000000000086 /* ExportDataView.swift */ = {isa = PBXFileReference; lastKnownFileType = sourcecode.swift; path = ExportDataView.swift; sourceTree = "<group>"; };
		F00100000000000000000087 /* ExportDataViewModel.swift */ = {isa = PBXFileReference; lastKnownFileType = sourcecode.swift; path = ExportDataViewModel.swift; sourceTree = "<group>"; };
		F00100000000000000000088 /* ExportColumnPickerView.swift */ = {isa = PBXFileReference; lastKnownFileType = sourcecode.swift; path = ExportColumnPickerView.swift; sourceTree = "<group>"; };
		F00100000000000000000089 /* ExportTransactionPreviewView.swift */ = {isa = PBXFileReference; lastKnownFileType = sourcecode.swift; path = ExportTransactionPreviewView.swift; sourceTree = "<group>"; };
		F00100000000000000000090 /* ImportDataView.swift */ = {isa = PBXFileReference; lastKnownFileType = sourcecode.swift; path = ImportDataView.swift; sourceTree = "<group>"; };
		F00100000000000000000091 /* ImportDataViewModel.swift */ = {isa = PBXFileReference; lastKnownFileType = sourcecode.swift; path = ImportDataViewModel.swift; sourceTree = "<group>"; };
		F00100000000000000000150 /* SecurityAccessView.swift */ = {isa = PBXFileReference; lastKnownFileType = sourcecode.swift; path = SecurityAccessView.swift; sourceTree = "<group>"; };
		F00100000000000000000190 /* PrivacyTermsView.swift */ = {isa = PBXFileReference; lastKnownFileType = sourcecode.swift; path = PrivacyTermsView.swift; sourceTree = "<group>"; };
		F001000000000000000001A0 /* YearInReviewView.swift */ = {isa = PBXFileReference; lastKnownFileType = sourcecode.swift; path = YearInReviewView.swift; sourceTree = "<group>"; };
		F001000000000000000001A1 /* YearInReviewViewModel.swift */ = {isa = PBXFileReference; lastKnownFileType = sourcecode.swift; path = YearInReviewViewModel.swift; sourceTree = "<group>"; };
		F001000000000000000001A2 /* YearInReviewModels.swift */ = {isa = PBXFileReference; lastKnownFileType = sourcecode.swift; path = YearInReviewModels.swift; sourceTree = "<group>"; };
		F001000000000000000001A3 /* YearInReviewInsightEngine.swift */ = {isa = PBXFileReference; lastKnownFileType = sourcecode.swift; path = YearInReviewInsightEngine.swift; sourceTree = "<group>"; };
		F00100000000000000000200 /* LegalTextView.swift */ = {isa = PBXFileReference; lastKnownFileType = sourcecode.swift; path = LegalTextView.swift; sourceTree = "<group>"; };
		F00100000000000000000210 /* ManageCategoriesView.swift */ = {isa = PBXFileReference; lastKnownFileType = sourcecode.swift; path = ManageCategoriesView.swift; sourceTree = "<group>"; };
		F00100000000000000000160 /* AppLockView.swift */ = {isa = PBXFileReference; lastKnownFileType = sourcecode.swift; path = AppLockView.swift; sourceTree = "<group>"; };
		F00100000000000000000170 /* AppLockManager.swift */ = {isa = PBXFileReference; lastKnownFileType = sourcecode.swift; path = AppLockManager.swift; sourceTree = "<group>"; };
		F00100000000000000000180 /* PasscodeEntryView.swift */ = {isa = PBXFileReference; lastKnownFileType = sourcecode.swift; path = PasscodeEntryView.swift; sourceTree = "<group>"; };
		F00100000000000000000092 /* Formatters.swift */ = {isa = PBXFileReference; lastKnownFileType = sourcecode.swift; path = Formatters.swift; sourceTree = "<group>"; };
		F00100000000000000000035 /* ScreenType.swift */ = {isa = PBXFileReference; lastKnownFileType = sourcecode.swift; path = ScreenType.swift; sourceTree = "<group>"; };
		F00100000000000000000036 /* TransactionStatus.swift */ = {isa = PBXFileReference; lastKnownFileType = sourcecode.swift; path = TransactionStatus.swift; sourceTree = "<group>"; };
		F00100000000000000000037 /* TransactionType.swift */ = {isa = PBXFileReference; lastKnownFileType = sourcecode.swift; path = TransactionType.swift; sourceTree = "<group>"; };
		F00100000000000000000038 /* CandidateTransaction.swift */ = {isa = PBXFileReference; lastKnownFileType = sourcecode.swift; path = CandidateTransaction.swift; sourceTree = "<group>"; };
		F00100000000000000000039 /* ExtractionResult.swift */ = {isa = PBXFileReference; lastKnownFileType = sourcecode.swift; path = ExtractionResult.swift; sourceTree = "<group>"; };
		F0010000000000000000003A /* ReviewModels.swift */ = {isa = PBXFileReference; lastKnownFileType = sourcecode.swift; path = ReviewModels.swift; sourceTree = "<group>"; };
		F0010000000000000000003B /* TransactionReviewCard.swift */ = {isa = PBXFileReference; lastKnownFileType = sourcecode.swift; path = TransactionReviewCard.swift; sourceTree = "<group>"; };
		F0010000000000000000003C /* BottomNavBarView.swift */ = {isa = PBXFileReference; lastKnownFileType = sourcecode.swift; path = BottomNavBarView.swift; sourceTree = "<group>"; };
		F0010000000000000000003D /* CalendarPickerSheetView.swift */ = {isa = PBXFileReference; lastKnownFileType = sourcecode.swift; path = CalendarPickerSheetView.swift; sourceTree = "<group>"; };
		F0010000000000000000003E /* CategoryBreakdownView.swift */ = {isa = PBXFileReference; lastKnownFileType = sourcecode.swift; path = CategoryBreakdownView.swift; sourceTree = "<group>"; };
		F0010000000000000000003F /* CategoryDetailView.swift */ = {isa = PBXFileReference; lastKnownFileType = sourcecode.swift; path = CategoryDetailView.swift; sourceTree = "<group>"; };
		F00100000000000000000042 /* ScrollViewNoBounce.swift */ = {isa = PBXFileReference; lastKnownFileType = sourcecode.swift; path = ScrollViewNoBounce.swift; sourceTree = "<group>"; };
		F00100000000000000000043 /* SFSymbolsCatalog.swift */ = {isa = PBXFileReference; lastKnownFileType = sourcecode.swift; path = SFSymbolsCatalog.swift; sourceTree = "<group>"; };
		F00100000000000000000044 /* IconLibraryView.swift */ = {isa = PBXFileReference; lastKnownFileType = sourcecode.swift; path = IconLibraryView.swift; sourceTree = "<group>"; };
		F00100000000000000000045 /* AppSecrets.swift */ = {isa = PBXFileReference; lastKnownFileType = sourcecode.swift; path = AppSecrets.swift; sourceTree = "<group>"; };
		F0010000000000000000004C /* CurrencyService.swift */ = {isa = PBXFileReference; lastKnownFileType = sourcecode.swift; path = CurrencyService.swift; sourceTree = "<group>"; };
		F0010000000000000000004D /* MerchantCategoryRuleStore.swift */ = {isa = PBXFileReference; lastKnownFileType = sourcecode.swift; path = MerchantCategoryRuleStore.swift; sourceTree = "<group>"; };
		F0010000000000000000004E /* ExtractionDebugReport.swift */ = {isa = PBXFileReference; lastKnownFileType = sourcecode.swift; path = ExtractionDebugReport.swift; sourceTree = "<group>"; };
		F0010000000000000000004F /* ExtractionDebugReportListView.swift */ = {isa = PBXFileReference; lastKnownFileType = sourcecode.swift; path = ExtractionDebugReportListView.swift; sourceTree = "<group>"; };
		F00100000000000000000058 /* AiryActivityAttributes.swift */ = {isa = PBXFileReference; lastKnownFileType = sourcecode.swift; path = AiryActivityAttributes.swift; sourceTree = "<group>"; };
		F00100000000000000000059 /* AiryLiveActivity.swift */ = {isa = PBXFileReference; lastKnownFileType = sourcecode.swift; path = AiryLiveActivity.swift; sourceTree = "<group>"; };
		F0010000000000000000005A /* WidgetBundle.swift */ = {isa = PBXFileReference; lastKnownFileType = sourcecode.swift; path = WidgetBundle.swift; sourceTree = "<group>"; };
		F0010000000000000000005B /* GPTBackgroundSession.swift */ = {isa = PBXFileReference; lastKnownFileType = sourcecode.swift; path = GPTBackgroundSession.swift; sourceTree = "<group>"; };
		F0010000000000000000005C /* AiryAppDelegate.swift */ = {isa = PBXFileReference; lastKnownFileType = sourcecode.swift; path = AiryAppDelegate.swift; sourceTree = "<group>"; };
		F0010000000000000000005D /* SubscriptionInsightStore.swift */ = {isa = PBXFileReference; lastKnownFileType = sourcecode.swift; path = SubscriptionInsightStore.swift; sourceTree = "<group>"; };
		F0010000000000000000005E /* SubscriptionAnalysisService.swift */ = {isa = PBXFileReference; lastKnownFileType = sourcecode.swift; path = SubscriptionAnalysisService.swift; sourceTree = "<group>"; };
		F0010000000000000000005F /* EditSubscriptionView.swift */ = {isa = PBXFileReference; lastKnownFileType = sourcecode.swift; path = EditSubscriptionView.swift; sourceTree = "<group>"; };
		F00100000000000000000060 /* EditSubscriptionViewModel.swift */ = {isa = PBXFileReference; lastKnownFileType = sourcecode.swift; path = EditSubscriptionViewModel.swift; sourceTree = "<group>"; };
		F00100000000000000000061 /* SpendingInsightModels.swift */ = {isa = PBXFileReference; lastKnownFileType = sourcecode.swift; path = SpendingInsightModels.swift; sourceTree = "<group>"; };
		F00100000000000000000062 /* SpendingInsightsEngine.swift */ = {isa = PBXFileReference; lastKnownFileType = sourcecode.swift; path = SpendingInsightsEngine.swift; sourceTree = "<group>"; };
		F00100000000000000000063 /* SubscriptionLabView.swift */ = {isa = PBXFileReference; lastKnownFileType = sourcecode.swift; path = SubscriptionLabView.swift; sourceTree = "<group>"; };
		F00100000000000000000064 /* SubscriptionLabViewModel.swift */ = {isa = PBXFileReference; lastKnownFileType = sourcecode.swift; path = SubscriptionLabViewModel.swift; sourceTree = "<group>"; };
		F00100000000000000000065 /* AppLanguage.swift */ = {isa = PBXFileReference; lastKnownFileType = sourcecode.swift; path = AppLanguage.swift; sourceTree = "<group>"; };
		F00100000000000000000066 /* LanguageManager.swift */ = {isa = PBXFileReference; lastKnownFileType = sourcecode.swift; path = LanguageManager.swift; sourceTree = "<group>"; };
		F00100000000000000000067 /* Translations+EN.swift */ = {isa = PBXFileReference; lastKnownFileType = sourcecode.swift; path = "Translations+EN.swift"; sourceTree = "<group>"; };
		F00100000000000000000068 /* Translations+RU.swift */ = {isa = PBXFileReference; lastKnownFileType = sourcecode.swift; path = "Translations+RU.swift"; sourceTree = "<group>"; };
		F00100000000000000000069 /* Translations+UK.swift */ = {isa = PBXFileReference; lastKnownFileType = sourcecode.swift; path = "Translations+UK.swift"; sourceTree = "<group>"; };
		F0010000000000000000006A /* Translations+BE.swift */ = {isa = PBXFileReference; lastKnownFileType = sourcecode.swift; path = "Translations+BE.swift"; sourceTree = "<group>"; };
		F0010000000000000000006B /* Translations+ZH.swift */ = {isa = PBXFileReference; lastKnownFileType = sourcecode.swift; path = "Translations+ZH.swift"; sourceTree = "<group>"; };
		F0010000000000000000006C /* Translations+ES.swift */ = {isa = PBXFileReference; lastKnownFileType = sourcecode.swift; path = "Translations+ES.swift"; sourceTree = "<group>"; };
		F0010000000000000000006D /* Translations+FR.swift */ = {isa = PBXFileReference; lastKnownFileType = sourcecode.swift; path = "Translations+FR.swift"; sourceTree = "<group>"; };
		F0010000000000000000006E /* Translations+DE.swift */ = {isa = PBXFileReference; lastKnownFileType = sourcecode.swift; path = "Translations+DE.swift"; sourceTree = "<group>"; };
		F0010000000000000000006F /* Translations+JA.swift */ = {isa = PBXFileReference; lastKnownFileType = sourcecode.swift; path = "Translations+JA.swift"; sourceTree = "<group>"; };
		F00100000000000000000070 /* Translations+PT.swift */ = {isa = PBXFileReference; lastKnownFileType = sourcecode.swift; path = "Translations+PT.swift"; sourceTree = "<group>"; };
		F00100000000000000000071 /* LanguagePickerView.swift */ = {isa = PBXFileReference; lastKnownFileType = sourcecode.swift; path = LanguagePickerView.swift; sourceTree = "<group>"; };
		TARG00000000000000000001 /* Airy.app */ = {isa = PBXFileReference; explicitFileType = wrapper.application; includeInIndex = 0; path = Airy.app; sourceTree = BUILT_PRODUCTS_DIR; };
		TARG00000000000000000003 /* AiryWidgets.appex */ = {isa = PBXFileReference; explicitFileType = "wrapper.app-extension"; includeInIndex = 0; path = AiryWidgets.appex; sourceTree = BUILT_PRODUCTS_DIR; };
		F00100000000000000000300 /* ImageHashCacheStore.swift */ = {isa = PBXFileReference; lastKnownFileType = sourcecode.swift; path = ImageHashCacheStore.swift; sourceTree = "<group>"; };
		F00100000000000000000301 /* MerchantAliasStore.swift */ = {isa = PBXFileReference; lastKnownFileType = sourcecode.swift; path = MerchantAliasStore.swift; sourceTree = "<group>"; };
		F00100000000000000000302 /* CanonicalTransaction.swift */ = {isa = PBXFileReference; lastKnownFileType = sourcecode.swift; path = CanonicalTransaction.swift; sourceTree = "<group>"; };
		F00100000000000000000303 /* DuplicateClassifier.swift */ = {isa = PBXFileReference; lastKnownFileType = sourcecode.swift; path = DuplicateClassifier.swift; sourceTree = "<group>"; };
		F00100000000000000000304 /* ExtractionPipeline.swift */ = {isa = PBXFileReference; lastKnownFileType = sourcecode.swift; path = ExtractionPipeline.swift; sourceTree = "<group>"; };
		F00100000000000000000305 /* OCRNormalizer.swift */ = {isa = PBXFileReference; lastKnownFileType = sourcecode.swift; path = OCRNormalizer.swift; sourceTree = "<group>"; };
		F00100000000000000000306 /* SheetSafeTextField.swift */ = {isa = PBXFileReference; lastKnownFileType = sourcecode.swift; path = SheetSafeTextField.swift; sourceTree = "<group>"; };
/* End PBXFileReference section */

/* Begin PBXFrameworksBuildPhase section */
		FRMBP000000000000000001 /* Frameworks */ = {
			isa = PBXFrameworksBuildPhase;
			buildActionMask = 2147483647;
			files = (
			);
			runOnlyForDeploymentPostprocessing = 0;
		};
		FRMBP000000000000000002 /* Frameworks */ = {
			isa = PBXFrameworksBuildPhase;
			buildActionMask = 2147483647;
			files = (
			);
			runOnlyForDeploymentPostprocessing = 0;
		};
/* End PBXFrameworksBuildPhase section */

/* Begin PBXGroup section */
		BUILT000000000000000001 /* Products */ = {
			isa = PBXGroup;
			children = (
				TARG00000000000000000001 /* Airy.app */,
				TARG00000000000000000003 /* AiryWidgets.appex */,
			);
			name = Products;
			sourceTree = "<group>";
		};
		GRP00000000000000000001 = {
			isa = PBXGroup;
			children = (
				GRP00000000000000000002 /* Airy */,
				GRP00000000000000000018 /* AiryWidgets */,
				F0010000000000000000001C /* Info.plist */,
				F0010000000000000000001D /* Assets.xcassets */,
				BUILT000000000000000001 /* Products */,
			);
			sourceTree = "<group>";
		};
		GRP00000000000000000002 /* Airy */ = {
			isa = PBXGroup;
			children = (
				GRP00000000000000000005 /* App */,
				GRP00000000000000000006 /* Core */,
				GRP00000000000000000007 /* Features */,
				GRP00000000000000000008 /* Shared */,
				GRP00000000000000000009 /* Services */,
				F0010000000000000000001E /* Airy.entitlements */,
			);
			path = Airy;
			sourceTree = "<group>";
		};
		GRP00000000000000000005 /* App */ = {
			isa = PBXGroup;
			children = (
				F00100000000000000000001 /* AiryApp.swift */,
				F0010000000000000000005C /* AiryAppDelegate.swift */,
				F00100000000000000000002 /* ContentView.swift */,
				F00100000000000000000074 /* SplashView.swift */,
			);
			path = App;
			sourceTree = "<group>";
		};
		GRP00000000000000000006 /* Core */ = {
			isa = PBXGroup;
			children = (
				GRP0000000000000000000B /* Auth */,
				GRP00000000000000000021 /* Localization */,
				GRP00000000000000000015 /* Storage */,
				GRP00000000000000000020 /* Theme */,
				F00100000000000000000092 /* Formatters.swift */,
			);
			path = Core;
			sourceTree = "<group>";
		};
		GRP00000000000000000021 /* Localization */ = {
			isa = PBXGroup;
			children = (
				F00100000000000000000065 /* AppLanguage.swift */,
				F00100000000000000000066 /* LanguageManager.swift */,
				F00100000000000000000067 /* Translations+EN.swift */,
				F00100000000000000000068 /* Translations+RU.swift */,
				F00100000000000000000069 /* Translations+UK.swift */,
				F0010000000000000000006A /* Translations+BE.swift */,
				F0010000000000000000006B /* Translations+ZH.swift */,
				F0010000000000000000006C /* Translations+ES.swift */,
				F0010000000000000000006D /* Translations+FR.swift */,
				F0010000000000000000006E /* Translations+DE.swift */,
				F0010000000000000000006F /* Translations+JA.swift */,
				F00100000000000000000070 /* Translations+PT.swift */,
			);
			path = Localization;
			sourceTree = "<group>";
		};
		GRP00000000000000000020 /* Theme */ = {
			isa = PBXGroup;
			children = (
				F00100000000000000000083 /* ThemeProvider.swift */,
			);
			path = Theme;
			sourceTree = "<group>";
		};
		GRP00000000000000000007 /* Features */ = {
			isa = PBXGroup;
			children = (
				GRP00000000000000000030 /* Auth */,
				GRP0000000000000000000C /* Dashboard */,
				GRP0000000000000000000D /* Import */,
				GRP0000000000000000000E /* Insights */,
				GRP0000000000000000000F /* Onboarding */,
				GRP00000000000000000010 /* Paywall */,
				GRP00000000000000000011 /* Settings */,
				GRP00000000000000000012 /* Subscriptions */,
				GRP00000000000000000013 /* Transactions */,
			);
			path = Features;
			sourceTree = "<group>";
		};
		GRP00000000000000000008 /* Shared */ = {
			isa = PBXGroup;
			children = (
				F00100000000000000000058 /* AiryActivityAttributes.swift */,
				GRP00000000000000000014 /* Components */,
				GRP00000000000000000017 /* Utilities */,
			);
			path = Shared;
			sourceTree = "<group>";
		};
		GRP00000000000000000009 /* Services */ = {
			isa = PBXGroup;
			children = (
				F0010000000000000000001B /* OCRService.swift */,
				F00100000000000000000033 /* GPTRulesService.swift */,
				F00100000000000000000305 /* OCRNormalizer.swift */,
				F00100000000000000000304 /* ExtractionPipeline.swift */,
				F00100000000000000000303 /* DuplicateClassifier.swift */,
				F0010000000000000000005B /* GPTBackgroundSession.swift */,
				F0010000000000000000005E /* SubscriptionAnalysisService.swift */,
				F00100000000000000000062 /* SpendingInsightsEngine.swift */,
				F001000000000000000001A3 /* YearInReviewInsightEngine.swift */,
			);
			path = Services;
			sourceTree = "<group>";
		};
		GRP0000000000000000000B /* Auth */ = {
			isa = PBXGroup;
			children = (
				F00100000000000000000170 /* AppLockManager.swift */,
				F00100000000000000000045 /* AppSecrets.swift */,
				F0010000000000000000001F /* AppleSignInService.swift */,
				F00100000000000000000005 /* AuthStore.swift */,
				F00100000000000000000028 /* KeychainHelper.swift */,
			);
			path = Auth;
			sourceTree = "<group>";
		};
		GRP00000000000000000030 /* Auth */ = {
			isa = PBXGroup;
			children = (
				F00100000000000000000160 /* AppLockView.swift */,
				F00100000000000000000180 /* PasscodeEntryView.swift */,
			);
			path = Auth;
			sourceTree = "<group>";
		};
		GRP0000000000000000000C /* Dashboard */ = {
			isa = PBXGroup;
			children = (
				F00100000000000000000006 /* DashboardView.swift */,
				F00100000000000000000007 /* DashboardViewModel.swift */,
				F0010000000000000000003E /* CategoryBreakdownView.swift */,
				F0010000000000000000003F /* CategoryDetailView.swift */,
			);
			path = Dashboard;
			sourceTree = "<group>";
		};
		GRP0000000000000000000D /* Import */ = {
			isa = PBXGroup;
			children = (
				GRP00000000000000000016 /* Models */,
				F0010000000000000000003B /* TransactionReviewCard.swift */,
				F0010000000000000000002F /* AnalyzingTransactionsView.swift */,
				F0010000000000000000002E /* GalleryPickerView.swift */,
				F0010000000000000000004F /* ExtractionDebugReportListView.swift */,
				F00100000000000000000008 /* ImportView.swift */,
				F00100000000000000000009 /* ImportViewModel.swift */,
				F0010000000000000000000A /* PendingReviewView.swift */,
				F0010000000000000000000B /* PendingReviewViewModel.swift */,
			);
			path = Import;
			sourceTree = "<group>";
		};
		GRP0000000000000000000E /* Insights */ = {
			isa = PBXGroup;
			children = (
				F0010000000000000000000C /* InsightsView.swift */,
				F0010000000000000000000D /* InsightsViewModel.swift */,
				F001000000000000000001A0 /* YearInReviewView.swift */,
				F001000000000000000001A1 /* YearInReviewViewModel.swift */,
				F001000000000000000001A2 /* YearInReviewModels.swift */,
			);
			path = Insights;
			sourceTree = "<group>";
		};
		GRP0000000000000000000F /* Onboarding */ = {
			isa = PBXGroup;
			children = (
				F0010000000000000000000E /* OnboardingView.swift */,
				F00100000000000000000020 /* OnboardingFlowView.swift */,
			);
			path = Onboarding;
			sourceTree = "<group>";
		};
		GRP00000000000000000010 /* Paywall */ = {
			isa = PBXGroup;
			children = (
				F0010000000000000000000F /* PaywallView.swift */,
				F00100000000000000000010 /* PaywallViewModel.swift */,
				F00100000000000000000011 /* StoreKitService.swift */,
			);
			path = Paywall;
			sourceTree = "<group>";
		};
		GRP00000000000000000011 /* Settings */ = {
			isa = PBXGroup;
			children = (
				F00100000000000000000012 /* SettingsView.swift */,
				F00100000000000000000080 /* CurrencyPickerView.swift */,
				F00100000000000000000081 /* AppearanceView.swift */,
				F00100000000000000000084 /* ThemePickerSheetView.swift */,
				F00100000000000000000085 /* IncomeExpenseColorPickerSheet.swift */,
				F00100000000000000000086 /* ExportDataView.swift */,
				F00100000000000000000087 /* ExportDataViewModel.swift */,
				F00100000000000000000088 /* ExportColumnPickerView.swift */,
				F00100000000000000000089 /* ExportTransactionPreviewView.swift */,
				F00100000000000000000090 /* ImportDataView.swift */,
				F00100000000000000000091 /* ImportDataViewModel.swift */,
				F00100000000000000000071 /* LanguagePickerView.swift */,
				F00100000000000000000150 /* SecurityAccessView.swift */,
				F00100000000000000000190 /* PrivacyTermsView.swift */,
				F00100000000000000000200 /* LegalTextView.swift */,
				F00100000000000000000210 /* ManageCategoriesView.swift */,
			);
			path = Settings;
			sourceTree = "<group>";
		};
		GRP00000000000000000012 /* Subscriptions */ = {
			isa = PBXGroup;
			children = (
				F00100000000000000000013 /* SubscriptionsView.swift */,
				F00100000000000000000014 /* SubscriptionsViewModel.swift */,
				F0010000000000000000005F /* EditSubscriptionView.swift */,
				F00100000000000000000060 /* EditSubscriptionViewModel.swift */,
				F00100000000000000000063 /* SubscriptionLabView.swift */,
				F00100000000000000000064 /* SubscriptionLabViewModel.swift */,
			);
			path = Subscriptions;
			sourceTree = "<group>";
		};
		GRP00000000000000000013 /* Transactions */ = {
			isa = PBXGroup;
			children = (
				F00100000000000000000015 /* AddTransactionView.swift */,
				F00100000000000000000016 /* AddTransactionViewModel.swift */,
				F00100000000000000000023 /* AmountKeyboardView.swift */,
				F00100000000000000000017 /* TransactionDetailView.swift */,
				F00100000000000000000018 /* TransactionListView.swift */,
				F00100000000000000000019 /* TransactionListViewModel.swift */,
				F00100000000000000000021 /* MonthDetailView.swift */,
				F00100000000000000000022 /* MonthDetailViewModel.swift */,
				F0010000000000000000003D /* CalendarPickerSheetView.swift */,
				F00100000000000000000025 /* Subcategory.swift */,
				F00100000000000000000026 /* NewSubcategorySheetView.swift */,
				F00100000000000000000027 /* CategoriesSheetView.swift */,
				F0010000000000000000002C /* Category.swift */,
				F0010000000000000000002D /* NewCategorySheetView.swift */,
				F00100000000000000000043 /* SFSymbolsCatalog.swift */,
				F00100000000000000000044 /* IconLibraryView.swift */,
			);
			path = Transactions;
			sourceTree = "<group>";
		};
		GRP00000000000000000014 /* Components */ = {
			isa = PBXGroup;
			children = (
				F00100000000000000000024 /* AddActionSheetView.swift */,
				F0010000000000000000003C /* BottomNavBarView.swift */,
				F0010000000000000000001A /* MainTabView.swift */,
				F00100000000000000000306 /* SheetSafeTextField.swift */,
			);
			path = Components;
			sourceTree = "<group>";
		};
		GRP00000000000000000015 /* Storage */ = {
			isa = PBXGroup;
			children = (
				F00100000000000000000029 /* LocalModels.swift */,
				F0010000000000000000004D /* MerchantCategoryRuleStore.swift */,
				F00100000000000000000301 /* MerchantAliasStore.swift */,
				F00100000000000000000300 /* ImageHashCacheStore.swift */,
				F0010000000000000000002A /* LocalDataStore.swift */,
				F0010000000000000000004C /* CurrencyService.swift */,
				F0010000000000000000005D /* SubscriptionInsightStore.swift */,
				F00100000000000000000061 /* SpendingInsightModels.swift */,
				F00100000000000000000082 /* AppearanceStore.swift */,
			);
			path = Storage;
			sourceTree = "<group>";
		};
		GRP00000000000000000016 /* Models */ = {
			isa = PBXGroup;
			children = (
				F00100000000000000000035 /* ScreenType.swift */,
				F00100000000000000000036 /* TransactionStatus.swift */,
				F00100000000000000000037 /* TransactionType.swift */,
				F00100000000000000000038 /* CandidateTransaction.swift */,
				F00100000000000000000039 /* ExtractionResult.swift */,
				F0010000000000000000004E /* ExtractionDebugReport.swift */,
					F00100000000000000000302 /* CanonicalTransaction.swift */,
				F0010000000000000000003A /* ReviewModels.swift */,
			);
			path = Models;
			sourceTree = "<group>";
		};
		GRP00000000000000000017 /* Utilities */ = {
			isa = PBXGroup;
			children = (
				F00100000000000000000042 /* ScrollViewNoBounce.swift */,
			);
			path = Utilities;
			sourceTree = "<group>";
		};
		GRP00000000000000000018 /* AiryWidgets */ = {
			isa = PBXGroup;
			children = (
				F00100000000000000000059 /* AiryLiveActivity.swift */,
				F0010000000000000000005A /* WidgetBundle.swift */,
			);
			path = AiryWidgets;
			sourceTree = "<group>";
		};
/* End PBXGroup section */

/* Begin PBXNativeTarget section */
		TARG00000000000000000002 /* Airy */ = {
			isa = PBXNativeTarget;
			buildConfigurationList = BCL00000000000000000001 /* Build configuration list for PBXNativeTarget "Airy" */;
			buildPhases = (
				SRCBP000000000000000001 /* Sources */,
				FRMBP000000000000000001 /* Frameworks */,
				RESBP000000000000000001 /* Resources */,
				COPYBP00000000000000001 /* Embed Foundation Extensions */,
			);
			buildRules = (
			);
			dependencies = (
				DEP000000000000000000001 /* PBXTargetDependency */,
			);
			name = Airy;
			productName = Airy;
			productReference = TARG00000000000000000001 /* Airy.app */;
			productType = "com.apple.product-type.application";
		};
		TARG00000000000000000004 /* AiryWidgets */ = {
			isa = PBXNativeTarget;
			buildConfigurationList = BCL00000000000000000003 /* Build configuration list for PBXNativeTarget "AiryWidgets" */;
			buildPhases = (
				SRCBP000000000000000002 /* Sources */,
				FRMBP000000000000000002 /* Frameworks */,
				RESBP000000000000000002 /* Resources */,
			);
			buildRules = (
			);
			dependencies = (
			);
			name = AiryWidgets;
			productName = AiryWidgets;
			productReference = TARG00000000000000000003 /* AiryWidgets.appex */;
			productType = "com.apple.product-type.app-extension";
		};
/* End PBXNativeTarget section */

/* Begin PBXProject section */
		PROJ00000000000000000001 /* Project object */ = {
			isa = PBXProject;
			attributes = {
				BuildIndependentTargetsInParallel = 1;
				LastSwiftUpdateCheck = 1500;
				LastUpgradeCheck = 1500;
			};
			buildConfigurationList = BCL00000000000000000002 /* Build configuration list for PBXProject "Airy" */;
			compatibilityVersion = "Xcode 14.0";
			developmentRegion = en;
			hasScannedForEncodings = 0;
			knownRegions = (
				en,
				Base,
			);
			mainGroup = GRP00000000000000000001;
			productRefGroup = BUILT000000000000000001 /* Products */;
			projectDirPath = "";
			projectRoot = "";
			targets = (
				TARG00000000000000000002 /* Airy */,
				TARG00000000000000000004 /* AiryWidgets */,
			);
		};
/* End PBXProject section */

/* Begin PBXResourcesBuildPhase section */
		RESBP000000000000000001 /* Resources */ = {
			isa = PBXResourcesBuildPhase;
			buildActionMask = 2147483647;
			files = (
				B0010000000000000000001D /* Assets.xcassets in Resources */,
			);
			runOnlyForDeploymentPostprocessing = 0;
		};
		RESBP000000000000000002 /* Resources */ = {
			isa = PBXResourcesBuildPhase;
			buildActionMask = 2147483647;
			files = (
			);
			runOnlyForDeploymentPostprocessing = 0;
		};
/* End PBXResourcesBuildPhase section */

/* Begin PBXSourcesBuildPhase section */
		SRCBP000000000000000001 /* Sources */ = {
			isa = PBXSourcesBuildPhase;
			buildActionMask = 2147483647;
			files = (
				B00100000000000000000001 /* AiryApp.swift in Sources */,
				B00100000000000000000002 /* ContentView.swift in Sources */,
				B00100000000000000000074 /* SplashView.swift in Sources */,
				B00100000000000000000005 /* AuthStore.swift in Sources */,
				B00100000000000000000160 /* AppLockView.swift in Sources */,
				B00100000000000000000170 /* AppLockManager.swift in Sources */,
				B00100000000000000000180 /* PasscodeEntryView.swift in Sources */,
				B00100000000000000000006 /* DashboardView.swift in Sources */,
				B00100000000000000000007 /* DashboardViewModel.swift in Sources */,
				B0010000000000000000003E /* CategoryBreakdownView.swift in Sources */,
				B0010000000000000000003F /* CategoryDetailView.swift in Sources */,
				B00100000000000000000008 /* ImportView.swift in Sources */,
				B00100000000000000000009 /* ImportViewModel.swift in Sources */,
				B0010000000000000000000A /* PendingReviewView.swift in Sources */,
				B0010000000000000000000B /* PendingReviewViewModel.swift in Sources */,
				B0010000000000000000000C /* InsightsView.swift in Sources */,
				B0010000000000000000000D /* InsightsViewModel.swift in Sources */,
				B001000000000000000001A0 /* YearInReviewView.swift in Sources */,
				B001000000000000000001A1 /* YearInReviewViewModel.swift in Sources */,
				B001000000000000000001A2 /* YearInReviewModels.swift in Sources */,
				B001000000000000000001A3 /* YearInReviewInsightEngine.swift in Sources */,
				B0010000000000000000000E /* OnboardingView.swift in Sources */,
				B0010000000000000000000F /* PaywallView.swift in Sources */,
				B00100000000000000000010 /* PaywallViewModel.swift in Sources */,
				B00100000000000000000011 /* StoreKitService.swift in Sources */,
				B00100000000000000000012 /* SettingsView.swift in Sources */,
				B00100000000000000000013 /* SubscriptionsView.swift in Sources */,
				B00100000000000000000014 /* SubscriptionsViewModel.swift in Sources */,
				B0010000000000000000005F /* EditSubscriptionView.swift in Sources */,
				B00100000000000000000060 /* EditSubscriptionViewModel.swift in Sources */,
				B00100000000000000000015 /* AddTransactionView.swift in Sources */,
				B00100000000000000000016 /* AddTransactionViewModel.swift in Sources */,
				B00100000000000000000042 /* ScrollViewNoBounce.swift in Sources */,
				B00100000000000000000017 /* TransactionDetailView.swift in Sources */,
				B00100000000000000000018 /* TransactionListView.swift in Sources */,
				B00100000000000000000019 /* TransactionListViewModel.swift in Sources */,
				B00100000000000000000021 /* MonthDetailView.swift in Sources */,
				B00100000000000000000022 /* MonthDetailViewModel.swift in Sources */,
				B0010000000000000000003D /* CalendarPickerSheetView.swift in Sources */,
				B00100000000000000000023 /* AmountKeyboardView.swift in Sources */,
				B0010000000000000000001A /* MainTabView.swift in Sources */,
				B00100000000000000000024 /* AddActionSheetView.swift in Sources */,
				B00100000000000000000025 /* Subcategory.swift in Sources */,
				B00100000000000000000026 /* NewSubcategorySheetView.swift in Sources */,
				B00100000000000000000027 /* CategoriesSheetView.swift in Sources */,
				B0010000000000000000002C /* Category.swift in Sources */,
				B0010000000000000000002D /* NewCategorySheetView.swift in Sources */,
				B00100000000000000000043 /* SFSymbolsCatalog.swift in Sources */,
				B00100000000000000000044 /* IconLibraryView.swift in Sources */,
				B0010000000000000000001B /* OCRService.swift in Sources */,
				B0010000000000000000001E /* AppleSignInService.swift in Sources */,
				B00100000000000000000020 /* OnboardingFlowView.swift in Sources */,
				B00100000000000000000028 /* KeychainHelper.swift in Sources */,
				B00100000000000000000045 /* AppSecrets.swift in Sources */,
				B00100000000000000000029 /* LocalModels.swift in Sources */,
				B0010000000000000000002A /* LocalDataStore.swift in Sources */,
				B0010000000000000000004C /* CurrencyService.swift in Sources */,
				B0010000000000000000002E /* GalleryPickerView.swift in Sources */,
				B0010000000000000000002F /* AnalyzingTransactionsView.swift in Sources */,
				B0010000000000000000004D /* MerchantCategoryRuleStore.swift in Sources */,
				B00100000000000000000305 /* OCRNormalizer.swift in Sources */,
				B00100000000000000000306 /* SheetSafeTextField.swift in Sources */,
				B00100000000000000000304 /* ExtractionPipeline.swift in Sources */,
				B00100000000000000000303 /* DuplicateClassifier.swift in Sources */,
				B00100000000000000000302 /* CanonicalTransaction.swift in Sources */,
				B00100000000000000000301 /* MerchantAliasStore.swift in Sources */,
				B00100000000000000000300 /* ImageHashCacheStore.swift in Sources */,
				B00100000000000000000033 /* GPTRulesService.swift in Sources */,
				B00100000000000000000080 /* CurrencyPickerView.swift in Sources */,
				B00100000000000000000081 /* AppearanceView.swift in Sources */,
				B00100000000000000000082 /* AppearanceStore.swift in Sources */,
				B00100000000000000000083 /* ThemeProvider.swift in Sources */,
				B00100000000000000000084 /* ThemePickerSheetView.swift in Sources */,
				B00100000000000000000085 /* IncomeExpenseColorPickerSheet.swift in Sources */,
				B00100000000000000000086 /* ExportDataView.swift in Sources */,
				B00100000000000000000087 /* ExportDataViewModel.swift in Sources */,
				B00100000000000000000088 /* ExportColumnPickerView.swift in Sources */,
				B00100000000000000000089 /* ExportTransactionPreviewView.swift in Sources */,
				B00100000000000000000090 /* ImportDataView.swift in Sources */,
				B00100000000000000000091 /* ImportDataViewModel.swift in Sources */,
				B00100000000000000000150 /* SecurityAccessView.swift in Sources */,
				B00100000000000000000190 /* PrivacyTermsView.swift in Sources */,
				B00100000000000000000200 /* LegalTextView.swift in Sources */,
				B00100000000000000000210 /* ManageCategoriesView.swift in Sources */,
				B00100000000000000000092 /* Formatters.swift in Sources */,
				B00100000000000000000035 /* ScreenType.swift in Sources */,
				B00100000000000000000036 /* TransactionStatus.swift in Sources */,
				B00100000000000000000037 /* TransactionType.swift in Sources */,
				B00100000000000000000038 /* CandidateTransaction.swift in Sources */,
				B00100000000000000000039 /* ExtractionResult.swift in Sources */,
				B0010000000000000000003A /* ReviewModels.swift in Sources */,
				B0010000000000000000003B /* TransactionReviewCard.swift in Sources */,
				B0010000000000000000003C /* BottomNavBarView.swift in Sources */,
				B0010000000000000000004E /* ExtractionDebugReport.swift in Sources */,
				B0010000000000000000004F /* ExtractionDebugReportListView.swift in Sources */,
				B00100000000000000000058 /* AiryActivityAttributes.swift in Sources */,
				B0010000000000000000005D /* GPTBackgroundSession.swift in Sources */,
				B0010000000000000000005E /* AiryAppDelegate.swift in Sources */,
				B00100000000000000000061 /* SubscriptionInsightStore.swift in Sources */,
				B00100000000000000000062 /* SubscriptionAnalysisService.swift in Sources */,
				B00100000000000000000063 /* SpendingInsightModels.swift in Sources */,
				B00100000000000000000064 /* SpendingInsightsEngine.swift in Sources */,
				B00100000000000000000065 /* SubscriptionLabView.swift in Sources */,
				B00100000000000000000066 /* SubscriptionLabViewModel.swift in Sources */,
				B00100000000000000000067 /* AppLanguage.swift in Sources */,
				B00100000000000000000068 /* LanguageManager.swift in Sources */,
				B00100000000000000000069 /* Translations+EN.swift in Sources */,
				B0010000000000000000006A /* Translations+RU.swift in Sources */,
				B0010000000000000000006B /* Translations+UK.swift in Sources */,
				B0010000000000000000006C /* Translations+BE.swift in Sources */,
				B0010000000000000000006D /* Translations+ZH.swift in Sources */,
				B0010000000000000000006E /* Translations+ES.swift in Sources */,
				B0010000000000000000006F /* Translations+FR.swift in Sources */,
				B00100000000000000000070 /* Translations+DE.swift in Sources */,
				B00100000000000000000071 /* Translations+JA.swift in Sources */,
				B00100000000000000000072 /* Translations+PT.swift in Sources */,
				B00100000000000000000073 /* LanguagePickerView.swift in Sources */,
			);
			runOnlyForDeploymentPostprocessing = 0;
		};
		SRCBP000000000000000002 /* Sources */ = {
			isa = PBXSourcesBuildPhase;
			buildActionMask = 2147483647;
			files = (
				B00100000000000000000059 /* AiryActivityAttributes.swift in Sources */,
				B0010000000000000000005A /* AiryLiveActivity.swift in Sources */,
				B0010000000000000000005B /* WidgetBundle.swift in Sources */,
			);
			runOnlyForDeploymentPostprocessing = 0;
		};
/* End PBXSourcesBuildPhase section */

/* Begin PBXTargetDependency section */
		DEP000000000000000000001 /* PBXTargetDependency */ = {
			isa = PBXTargetDependency;
			target = TARG00000000000000000004 /* AiryWidgets */;
			targetProxy = PROXY0000000000000000001 /* PBXContainerItemProxy */;
		};
/* End PBXTargetDependency section */

/* Begin XCBuildConfiguration section */
		BCF00000000000000000001 /* Debug */ = {
			isa = XCBuildConfiguration;
			buildSettings = {
				ALWAYS_SEARCH_USER_PATHS = NO;
				ASSETCATALOG_COMPILER_GENERATE_SWIFT_ASSET_SYMBOL_EXTENSIONS = YES;
				CLANG_ANALYZER_NONNULL = YES;
				CLANG_ANALYZER_NUMBER_OBJECT_CONVERSION = YES_AGGRESSIVE;
				CLANG_CXX_LANGUAGE_STANDARD = "gnu++20";
				CLANG_ENABLE_MODULES = YES;
				CLANG_ENABLE_OBJC_ARC = YES;
				CLANG_ENABLE_OBJC_WEAK = YES;
				CLANG_WARN_BLOCK_CAPTURE_AUTORELEASING = YES;
				CLANG_WARN_BOOL_CONVERSION = YES;
				CLANG_WARN_COMMA = YES;
				CLANG_WARN_CONSTANT_CONVERSION = YES;
				CLANG_WARN_DEPRECATED_OBJC_IMPLEMENTATIONS = YES;
				CLANG_WARN_DIRECT_OBJC_ISA_USAGE = YES_ERROR;
				CLANG_WARN_DOCUMENTATION_COMMENTS = YES;
				CLANG_WARN_EMPTY_BODY = YES;
				CLANG_WARN_ENUM_CONVERSION = YES;
				CLANG_WARN_INFINITE_RECURSION = YES;
				CLANG_WARN_INT_CONVERSION = YES;
				CLANG_WARN_NON_LITERAL_NULL_CONVERSION = YES;
				CLANG_WARN_OBJC_IMPLICIT_RETAIN_SELF = YES;
				CLANG_WARN_OBJC_LITERAL_CONVERSION = YES;
				CLANG_WARN_OBJC_ROOT_CLASS = YES_ERROR;
				CLANG_WARN_QUOTED_INCLUDE_IN_FRAMEWORK_HEADER = YES;
				CLANG_WARN_RANGE_LOOP_ANALYSIS = YES;
				CLANG_WARN_STRICT_PROTOTYPES = YES;
				CLANG_WARN_SUSPICIOUS_MOVE = YES;
				CLANG_WARN_UNGUARDED_AVAILABILITY = YES_AGGRESSIVE;
				CLANG_WARN_UNREACHABLE_CODE = YES;
				CLANG_WARN__DUPLICATE_METHOD_MATCH = YES;
				COPY_PHASE_STRIP = NO;
				DEBUG_INFORMATION_FORMAT = dwarf;
				ENABLE_STRICT_OBJC_MSGSEND = YES;
				ENABLE_TESTABILITY = YES;
				ENABLE_USER_SCRIPT_SANDBOXING = YES;
				GCC_C_LANGUAGE_STANDARD = gnu17;
				GCC_DYNAMIC_NO_PIC = NO;
				GCC_NO_COMMON_BLOCKS = YES;
				GCC_OPTIMIZATION_LEVEL = 0;
				GCC_PREPROCESSOR_DEFINITIONS = (
					"DEBUG=1",
					"$(inherited)",
				);
				GCC_WARN_64_TO_32_BIT_CONVERSION = YES;
				GCC_WARN_ABOUT_RETURN_TYPE = YES_ERROR;
				GCC_WARN_UNDECLARED_SELECTOR = YES;
				GCC_WARN_UNINITIALIZED_AUTOS = YES_AGGRESSIVE;
				GCC_WARN_UNUSED_FUNCTION = YES;
				GCC_WARN_UNUSED_VARIABLE = YES;
				LOCALIZATION_PREFERS_STRING_CATALOGS = YES;
				MTL_ENABLE_DEBUG_INFO = INCLUDE_SOURCE;
				MTL_FAST_MATH = YES;
				ONLY_ACTIVE_ARCH = YES;
				SWIFT_ACTIVE_COMPILATION_CONDITIONS = "DEBUG $(inherited)";
				SWIFT_OPTIMIZATION_LEVEL = "-Onone";
			};
			name = Debug;
		};
		BCF00000000000000000002 /* Release */ = {
			isa = XCBuildConfiguration;
			buildSettings = {
				ALWAYS_SEARCH_USER_PATHS = NO;
				ASSETCATALOG_COMPILER_GENERATE_SWIFT_ASSET_SYMBOL_EXTENSIONS = YES;
				CLANG_ANALYZER_NONNULL = YES;
				CLANG_ANALYZER_NUMBER_OBJECT_CONVERSION = YES_AGGRESSIVE;
				CLANG_CXX_LANGUAGE_STANDARD = "gnu++20";
				CLANG_ENABLE_MODULES = YES;
				CLANG_ENABLE_OBJC_ARC = YES;
				CLANG_ENABLE_OBJC_WEAK = YES;
				CLANG_WARN_BLOCK_CAPTURE_AUTORELEASING = YES;
				CLANG_WARN_BOOL_CONVERSION = YES;
				CLANG_WARN_COMMA = YES;
				CLANG_WARN_CONSTANT_CONVERSION = YES;
				CLANG_WARN_DEPRECATED_OBJC_IMPLEMENTATIONS = YES;
				CLANG_WARN_DIRECT_OBJC_ISA_USAGE = YES_ERROR;
				CLANG_WARN_DOCUMENTATION_COMMENTS = YES;
				CLANG_WARN_EMPTY_BODY = YES;
				CLANG_WARN_ENUM_CONVERSION = YES;
				CLANG_WARN_INFINITE_RECURSION = YES;
				CLANG_WARN_INT_CONVERSION = YES;
				CLANG_WARN_NON_LITERAL_NULL_CONVERSION = YES;
				CLANG_WARN_OBJC_IMPLICIT_RETAIN_SELF = YES;
				CLANG_WARN_OBJC_LITERAL_CONVERSION = YES;
				CLANG_WARN_OBJC_ROOT_CLASS = YES_ERROR;
				CLANG_WARN_QUOTED_INCLUDE_IN_FRAMEWORK_HEADER = YES;
				CLANG_WARN_RANGE_LOOP_ANALYSIS = YES;
				CLANG_WARN_STRICT_PROTOTYPES = YES;
				CLANG_WARN_SUSPICIOUS_MOVE = YES;
				CLANG_WARN_UNGUARDED_AVAILABILITY = YES_AGGRESSIVE;
				CLANG_WARN_UNREACHABLE_CODE = YES;
				CLANG_WARN__DUPLICATE_METHOD_MATCH = YES;
				COPY_PHASE_STRIP = NO;
				DEBUG_INFORMATION_FORMAT = "dwarf-with-dsym";
				ENABLE_NS_ASSERTIONS = NO;
				ENABLE_STRICT_OBJC_MSGSEND = YES;
				ENABLE_USER_SCRIPT_SANDBOXING = YES;
				GCC_C_LANGUAGE_STANDARD = gnu17;
				GCC_NO_COMMON_BLOCKS = YES;
				GCC_WARN_64_TO_32_BIT_CONVERSION = YES;
				GCC_WARN_ABOUT_RETURN_TYPE = YES_ERROR;
				GCC_WARN_UNDECLARED_SELECTOR = YES;
				GCC_WARN_UNINITIALIZED_AUTOS = YES_AGGRESSIVE;
				GCC_WARN_UNUSED_FUNCTION = YES;
				GCC_WARN_UNUSED_VARIABLE = YES;
				LOCALIZATION_PREFERS_STRING_CATALOGS = YES;
				MTL_ENABLE_DEBUG_INFO = NO;
				MTL_FAST_MATH = YES;
				SWIFT_COMPILATION_MODE = wholemodule;
			};
			name = Release;
		};
		BCF00000000000000000003 /* Debug */ = {
			isa = XCBuildConfiguration;
			buildSettings = {
				ASSETCATALOG_COMPILER_APPICON_NAME = AppIcon;
				ASSETCATALOG_COMPILER_GLOBAL_ACCENT_COLOR_NAME = AccentColor;
				CODE_SIGN_ALLOW_ENTITLEMENTS_MODIFICATION = YES;
				CODE_SIGN_ENTITLEMENTS = Airy/Airy.entitlements;
				CODE_SIGN_STYLE = Automatic;
				CURRENT_PROJECT_VERSION = 1;
				DEVELOPMENT_ASSET_PATHS = "";
				DEVELOPMENT_TEAM = 9QHBAG79D9;
				ENABLE_PREVIEWS = YES;
				GENERATE_INFOPLIST_FILE = NO;
				INFOPLIST_FILE = Info.plist;
				INFOPLIST_KEY_CFBundleDisplayName = Airy;
				INFOPLIST_KEY_LSApplicationCategoryType = "public.app-category.finance";
				INFOPLIST_KEY_UIApplicationSceneManifest_Generation = YES;
				INFOPLIST_KEY_UIApplicationSupportsIndirectInputEvents = YES;
				INFOPLIST_KEY_UILaunchScreen_Generation = YES;
				IPHONEOS_DEPLOYMENT_TARGET = 26.0;
				LD_RUNPATH_SEARCH_PATHS = (
					"$(inherited)",
					"@executable_path/Frameworks",
				);
				MARKETING_VERSION = 1.0;
				PRODUCT_BUNDLE_IDENTIFIER = com.solosoft.airy;
				PRODUCT_NAME = "$(TARGET_NAME)";
				SDKROOT = iphoneos;
				SUPPORTED_PLATFORMS = "iphoneos iphonesimulator";
				SUPPORTS_MACCATALYST = NO;
				SUPPORTS_MAC_DESIGNED_FOR_IPHONE_IPAD = NO;
				SUPPORTS_XR_DESIGNED_FOR_IPHONE_IPAD = NO;
				SWIFT_EMIT_LOC_STRINGS = YES;
				SWIFT_VERSION = 5.0;
				TARGETED_DEVICE_FAMILY = 1;
			};
			name = Debug;
		};
		BCF00000000000000000004 /* Release */ = {
			isa = XCBuildConfiguration;
			buildSettings = {
				ASSETCATALOG_COMPILER_APPICON_NAME = AppIcon;
				ASSETCATALOG_COMPILER_GLOBAL_ACCENT_COLOR_NAME = AccentColor;
				CODE_SIGN_ALLOW_ENTITLEMENTS_MODIFICATION = YES;
				CODE_SIGN_ENTITLEMENTS = Airy/Airy.entitlements;
				CODE_SIGN_STYLE = Automatic;
				CURRENT_PROJECT_VERSION = 1;
				DEVELOPMENT_ASSET_PATHS = "";
				DEVELOPMENT_TEAM = 9QHBAG79D9;
				ENABLE_PREVIEWS = YES;
				GENERATE_INFOPLIST_FILE = NO;
				INFOPLIST_FILE = Info.plist;
				INFOPLIST_KEY_CFBundleDisplayName = Airy;
				INFOPLIST_KEY_LSApplicationCategoryType = "public.app-category.finance";
				INFOPLIST_KEY_UIApplicationSceneManifest_Generation = YES;
				INFOPLIST_KEY_UIApplicationSupportsIndirectInputEvents = YES;
				INFOPLIST_KEY_UILaunchScreen_Generation = YES;
				IPHONEOS_DEPLOYMENT_TARGET = 26.0;
				LD_RUNPATH_SEARCH_PATHS = (
					"$(inherited)",
					"@executable_path/Frameworks",
				);
				MARKETING_VERSION = 1.0;
				PRODUCT_BUNDLE_IDENTIFIER = com.solosoft.airy;
				PRODUCT_NAME = "$(TARGET_NAME)";
				SDKROOT = iphoneos;
				SUPPORTED_PLATFORMS = "iphoneos iphonesimulator";
				SUPPORTS_MACCATALYST = NO;
				SUPPORTS_MAC_DESIGNED_FOR_IPHONE_IPAD = NO;
				SUPPORTS_XR_DESIGNED_FOR_IPHONE_IPAD = NO;
				SWIFT_EMIT_LOC_STRINGS = YES;
				SWIFT_VERSION = 5.0;
				TARGETED_DEVICE_FAMILY = 1;
			};
			name = Release;
		};
		BCF00000000000000000005 /* Debug */ = {
			isa = XCBuildConfiguration;
			buildSettings = {
				CODE_SIGN_STYLE = Automatic;
				CURRENT_PROJECT_VERSION = 1;
				DEVELOPMENT_TEAM = 9QHBAG79D9;
				INFOPLIST_FILE = AiryWidgets/Info.plist;
				IPHONEOS_DEPLOYMENT_TARGET = 26.0;
				LD_RUNPATH_SEARCH_PATHS = (
					"$(inherited)",
					"@executable_path/Frameworks",
					"@executable_path/../../Frameworks",
				);
				MARKETING_VERSION = 1.0;
				PRODUCT_BUNDLE_IDENTIFIER = com.solosoft.airy.AiryWidgets;
				PRODUCT_NAME = "$(TARGET_NAME)";
				SDKROOT = iphoneos;
				SKIP_INSTALL = YES;
				SUPPORTED_PLATFORMS = "iphoneos iphonesimulator";
				SUPPORTS_MACCATALYST = NO;
				SUPPORTS_MAC_DESIGNED_FOR_IPHONE_IPAD = NO;
				SUPPORTS_XR_DESIGNED_FOR_IPHONE_IPAD = NO;
				SWIFT_EMIT_LOC_STRINGS = YES;
				SWIFT_VERSION = 5.0;
				TARGETED_DEVICE_FAMILY = 1;
			};
			name = Debug;
		};
		BCF00000000000000000006 /* Release */ = {
			isa = XCBuildConfiguration;
			buildSettings = {
				CODE_SIGN_STYLE = Automatic;
				CURRENT_PROJECT_VERSION = 1;
				DEVELOPMENT_TEAM = 9QHBAG79D9;
				INFOPLIST_FILE = AiryWidgets/Info.plist;
				IPHONEOS_DEPLOYMENT_TARGET = 26.0;
				LD_RUNPATH_SEARCH_PATHS = (
					"$(inherited)",
					"@executable_path/Frameworks",
					"@executable_path/../../Frameworks",
				);
				MARKETING_VERSION = 1.0;
				PRODUCT_BUNDLE_IDENTIFIER = com.solosoft.airy.AiryWidgets;
				PRODUCT_NAME = "$(TARGET_NAME)";
				SDKROOT = iphoneos;
				SKIP_INSTALL = YES;
				SUPPORTED_PLATFORMS = "iphoneos iphonesimulator";
				SUPPORTS_MACCATALYST = NO;
				SUPPORTS_MAC_DESIGNED_FOR_IPHONE_IPAD = NO;
				SUPPORTS_XR_DESIGNED_FOR_IPHONE_IPAD = NO;
				SWIFT_EMIT_LOC_STRINGS = YES;
				SWIFT_VERSION = 5.0;
				TARGETED_DEVICE_FAMILY = 1;
			};
			name = Release;
		};
/* End XCBuildConfiguration section */

/* Begin XCConfigurationList section */
		BCL00000000000000000001 /* Build configuration list for PBXNativeTarget "Airy" */ = {
			isa = XCConfigurationList;
			buildConfigurations = (
				BCF00000000000000000003 /* Debug */,
				BCF00000000000000000004 /* Release */,
			);
			defaultConfigurationIsVisible = 0;
			defaultConfigurationName = Release;
		};
		BCL00000000000000000002 /* Build configuration list for PBXProject "Airy" */ = {
			isa = XCConfigurationList;
			buildConfigurations = (
				BCF00000000000000000001 /* Debug */,
				BCF00000000000000000002 /* Release */,
			);
			defaultConfigurationIsVisible = 0;
			defaultConfigurationName = Release;
		};
		BCL00000000000000000003 /* Build configuration list for PBXNativeTarget "AiryWidgets" */ = {
			isa = XCConfigurationList;
			buildConfigurations = (
				BCF00000000000000000005 /* Debug */,
				BCF00000000000000000006 /* Release */,
			);
			defaultConfigurationIsVisible = 0;
			defaultConfigurationName = Release;
		};
/* End XCConfigurationList section */
	};
	rootObject = PROJ00000000000000000001 /* Project object */;
}
