// !$*UTF8*$!
{
	archiveVersion = 1;
	classes = {
	};
	objectVersion = 56;
	objects = {

/* Begin PBXBuildFile section */
		B00100000000000000000001 /* AiryApp.swift in Sources */ = {isa = PBXBuildFile; fileRef = F00100000000000000000001 /* AiryApp.swift */; };
		B00100000000000000000002 /* ContentView.swift in Sources */ = {isa = PBXBuildFile; fileRef = F00100000000000000000002 /* ContentView.swift */; };
		B00100000000000000000003 /* APIClient.swift in Sources */ = {isa = PBXBuildFile; fileRef = F00100000000000000000003 /* APIClient.swift */; };
		B00100000000000000000004 /* Endpoints.swift in Sources */ = {isa = PBXBuildFile; fileRef = F00100000000000000000004 /* Endpoints.swift */; };
		B00100000000000000000005 /* AuthStore.swift in Sources */ = {isa = PBXBuildFile; fileRef = F00100000000000000000005 /* AuthStore.swift */; };
		B00100000000000000000006 /* DashboardView.swift in Sources */ = {isa = PBXBuildFile; fileRef = F00100000000000000000006 /* DashboardView.swift */; };
		B00100000000000000000007 /* DashboardViewModel.swift in Sources */ = {isa = PBXBuildFile; fileRef = F00100000000000000000007 /* DashboardViewModel.swift */; };
		B00100000000000000000008 /* ImportView.swift in Sources */ = {isa = PBXBuildFile; fileRef = F00100000000000000000008 /* ImportView.swift */; };
		B00100000000000000000009 /* ImportViewModel.swift in Sources */ = {isa = PBXBuildFile; fileRef = F00100000000000000000009 /* ImportViewModel.swift */; };
		B0010000000000000000000A /* PendingReviewView.swift in Sources */ = {isa = PBXBuildFile; fileRef = F0010000000000000000000A /* PendingReviewView.swift */; };
		B0010000000000000000000B /* PendingReviewViewModel.swift in Sources */ = {isa = PBXBuildFile; fileRef = F0010000000000000000000B /* PendingReviewViewModel.swift */; };
		B0010000000000000000000C /* InsightsView.swift in Sources */ = {isa = PBXBuildFile; fileRef = F0010000000000000000000C /* InsightsView.swift */; };
		B0010000000000000000000D /* InsightsViewModel.swift in Sources */ = {isa = PBXBuildFile; fileRef = F0010000000000000000000D /* InsightsViewModel.swift */; };
		B0010000000000000000000E /* OnboardingView.swift in Sources */ = {isa = PBXBuildFile; fileRef = F0010000000000000000000E /* OnboardingView.swift */; };
		B0010000000000000000000F /* PaywallView.swift in Sources */ = {isa = PBXBuildFile; fileRef = F0010000000000000000000F /* PaywallView.swift */; };
		B00100000000000000000010 /* PaywallViewModel.swift in Sources */ = {isa = PBXBuildFile; fileRef = F00100000000000000000010 /* PaywallViewModel.swift */; };
		B00100000000000000000011 /* StoreKitService.swift in Sources */ = {isa = PBXBuildFile; fileRef = F00100000000000000000011 /* StoreKitService.swift */; };
		B00100000000000000000012 /* SettingsView.swift in Sources */ = {isa = PBXBuildFile; fileRef = F00100000000000000000012 /* SettingsView.swift */; };
		B00100000000000000000013 /* SubscriptionsView.swift in Sources */ = {isa = PBXBuildFile; fileRef = F00100000000000000000013 /* SubscriptionsView.swift */; };
		B00100000000000000000014 /* SubscriptionsViewModel.swift in Sources */ = {isa = PBXBuildFile; fileRef = F00100000000000000000014 /* SubscriptionsViewModel.swift */; };
		B00100000000000000000015 /* AddTransactionView.swift in Sources */ = {isa = PBXBuildFile; fileRef = F00100000000000000000015 /* AddTransactionView.swift */; };
		B00100000000000000000016 /* AddTransactionViewModel.swift in Sources */ = {isa = PBXBuildFile; fileRef = F00100000000000000000016 /* AddTransactionViewModel.swift */; };
		B00100000000000000000017 /* TransactionDetailView.swift in Sources */ = {isa = PBXBuildFile; fileRef = F00100000000000000000017 /* TransactionDetailView.swift */; };
		B00100000000000000000018 /* TransactionListView.swift in Sources */ = {isa = PBXBuildFile; fileRef = F00100000000000000000018 /* TransactionListView.swift */; };
		B00100000000000000000019 /* TransactionListViewModel.swift in Sources */ = {isa = PBXBuildFile; fileRef = F00100000000000000000019 /* TransactionListViewModel.swift */; };
		B0010000000000000000001A /* MainTabView.swift in Sources */ = {isa = PBXBuildFile; fileRef = F0010000000000000000001A /* MainTabView.swift */; };
		B0010000000000000000001B /* OCRService.swift in Sources */ = {isa = PBXBuildFile; fileRef = F0010000000000000000001B /* OCRService.swift */; };
		B0010000000000000000001D /* Assets.xcassets in Resources */ = {isa = PBXBuildFile; fileRef = F0010000000000000000001D /* Assets.xcassets */; };
		B0010000000000000000001E /* AppleSignInService.swift in Sources */ = {isa = PBXBuildFile; fileRef = F0010000000000000000001F /* AppleSignInService.swift */; };
		B00100000000000000000020 /* OnboardingFlowView.swift in Sources */ = {isa = PBXBuildFile; fileRef = F00100000000000000000020 /* OnboardingFlowView.swift */; };
		B00100000000000000000021 /* MonthDetailView.swift in Sources */ = {isa = PBXBuildFile; fileRef = F00100000000000000000021 /* MonthDetailView.swift */; };
		B00100000000000000000022 /* MonthDetailViewModel.swift in Sources */ = {isa = PBXBuildFile; fileRef = F00100000000000000000022 /* MonthDetailViewModel.swift */; };
		B00100000000000000000023 /* AmountKeyboardView.swift in Sources */ = {isa = PBXBuildFile; fileRef = F00100000000000000000023 /* AmountKeyboardView.swift */; };
		B00100000000000000000024 /* AddActionSheetView.swift in Sources */ = {isa = PBXBuildFile; fileRef = F00100000000000000000024 /* AddActionSheetView.swift */; };
		B00100000000000000000025 /* Subcategory.swift in Sources */ = {isa = PBXBuildFile; fileRef = F00100000000000000000025 /* Subcategory.swift */; };
		B00100000000000000000026 /* NewSubcategorySheetView.swift in Sources */ = {isa = PBXBuildFile; fileRef = F00100000000000000000026 /* NewSubcategorySheetView.swift */; };
		B00100000000000000000027 /* CategoriesSheetView.swift in Sources */ = {isa = PBXBuildFile; fileRef = F00100000000000000000027 /* CategoriesSheetView.swift */; };
		B00100000000000000000028 /* KeychainHelper.swift in Sources */ = {isa = PBXBuildFile; fileRef = F00100000000000000000028 /* KeychainHelper.swift */; };
		B00100000000000000000029 /* LocalModels.swift in Sources */ = {isa = PBXBuildFile; fileRef = F00100000000000000000029 /* LocalModels.swift */; };
		B0010000000000000000002A /* LocalDataStore.swift in Sources */ = {isa = PBXBuildFile; fileRef = F0010000000000000000002A /* LocalDataStore.swift */; };
		B0010000000000000000002B /* LocalOCRParser.swift in Sources */ = {isa = PBXBuildFile; fileRef = F0010000000000000000002B /* LocalOCRParser.swift */; };
/* End PBXBuildFile section */

/* Begin PBXFileReference section */
		F00100000000000000000001 /* AiryApp.swift */ = {isa = PBXFileReference; lastKnownFileType = sourcecode.swift; path = AiryApp.swift; sourceTree = "<group>"; };
		F00100000000000000000002 /* ContentView.swift */ = {isa = PBXFileReference; lastKnownFileType = sourcecode.swift; path = ContentView.swift; sourceTree = "<group>"; };
		F00100000000000000000003 /* APIClient.swift */ = {isa = PBXFileReference; lastKnownFileType = sourcecode.swift; path = APIClient.swift; sourceTree = "<group>"; };
		F00100000000000000000004 /* Endpoints.swift */ = {isa = PBXFileReference; lastKnownFileType = sourcecode.swift; path = Endpoints.swift; sourceTree = "<group>"; };
		F00100000000000000000005 /* AuthStore.swift */ = {isa = PBXFileReference; lastKnownFileType = sourcecode.swift; path = AuthStore.swift; sourceTree = "<group>"; };
		F00100000000000000000006 /* DashboardView.swift */ = {isa = PBXFileReference; lastKnownFileType = sourcecode.swift; path = DashboardView.swift; sourceTree = "<group>"; };
		F00100000000000000000007 /* DashboardViewModel.swift */ = {isa = PBXFileReference; lastKnownFileType = sourcecode.swift; path = DashboardViewModel.swift; sourceTree = "<group>"; };
		F00100000000000000000008 /* ImportView.swift */ = {isa = PBXFileReference; lastKnownFileType = sourcecode.swift; path = ImportView.swift; sourceTree = "<group>"; };
		F00100000000000000000009 /* ImportViewModel.swift */ = {isa = PBXFileReference; lastKnownFileType = sourcecode.swift; path = ImportViewModel.swift; sourceTree = "<group>"; };
		F0010000000000000000000A /* PendingReviewView.swift */ = {isa = PBXFileReference; lastKnownFileType = sourcecode.swift; path = PendingReviewView.swift; sourceTree = "<group>"; };
		F0010000000000000000000B /* PendingReviewViewModel.swift */ = {isa = PBXFileReference; lastKnownFileType = sourcecode.swift; path = PendingReviewViewModel.swift; sourceTree = "<group>"; };
		F0010000000000000000000C /* InsightsView.swift */ = {isa = PBXFileReference; lastKnownFileType = sourcecode.swift; path = InsightsView.swift; sourceTree = "<group>"; };
		F0010000000000000000000D /* InsightsViewModel.swift */ = {isa = PBXFileReference; lastKnownFileType = sourcecode.swift; path = InsightsViewModel.swift; sourceTree = "<group>"; };
		F0010000000000000000000E /* OnboardingView.swift */ = {isa = PBXFileReference; lastKnownFileType = sourcecode.swift; path = OnboardingView.swift; sourceTree = "<group>"; };
		F0010000000000000000000F /* PaywallView.swift */ = {isa = PBXFileReference; lastKnownFileType = sourcecode.swift; path = PaywallView.swift; sourceTree = "<group>"; };
		F00100000000000000000010 /* PaywallViewModel.swift */ = {isa = PBXFileReference; lastKnownFileType = sourcecode.swift; path = PaywallViewModel.swift; sourceTree = "<group>"; };
		F00100000000000000000011 /* StoreKitService.swift */ = {isa = PBXFileReference; lastKnownFileType = sourcecode.swift; path = StoreKitService.swift; sourceTree = "<group>"; };
		F00100000000000000000012 /* SettingsView.swift */ = {isa = PBXFileReference; lastKnownFileType = sourcecode.swift; path = SettingsView.swift; sourceTree = "<group>"; };
		F00100000000000000000013 /* SubscriptionsView.swift */ = {isa = PBXFileReference; lastKnownFileType = sourcecode.swift; path = SubscriptionsView.swift; sourceTree = "<group>"; };
		F00100000000000000000014 /* SubscriptionsViewModel.swift */ = {isa = PBXFileReference; lastKnownFileType = sourcecode.swift; path = SubscriptionsViewModel.swift; sourceTree = "<group>"; };
		F00100000000000000000015 /* AddTransactionView.swift */ = {isa = PBXFileReference; lastKnownFileType = sourcecode.swift; path = AddTransactionView.swift; sourceTree = "<group>"; };
		F00100000000000000000016 /* AddTransactionViewModel.swift */ = {isa = PBXFileReference; lastKnownFileType = sourcecode.swift; path = AddTransactionViewModel.swift; sourceTree = "<group>"; };
		F00100000000000000000017 /* TransactionDetailView.swift */ = {isa = PBXFileReference; lastKnownFileType = sourcecode.swift; path = TransactionDetailView.swift; sourceTree = "<group>"; };
		F00100000000000000000018 /* TransactionListView.swift */ = {isa = PBXFileReference; lastKnownFileType = sourcecode.swift; path = TransactionListView.swift; sourceTree = "<group>"; };
		F00100000000000000000019 /* TransactionListViewModel.swift */ = {isa = PBXFileReference; lastKnownFileType = sourcecode.swift; path = TransactionListViewModel.swift; sourceTree = "<group>"; };
		F0010000000000000000001A /* MainTabView.swift */ = {isa = PBXFileReference; lastKnownFileType = sourcecode.swift; path = MainTabView.swift; sourceTree = "<group>"; };
		F0010000000000000000001B /* OCRService.swift */ = {isa = PBXFileReference; lastKnownFileType = sourcecode.swift; path = OCRService.swift; sourceTree = "<group>"; };
		F0010000000000000000001C /* Info.plist */ = {isa = PBXFileReference; lastKnownFileType = text.plist.xml; path = Info.plist; sourceTree = "<group>"; };
		F0010000000000000000001D /* Assets.xcassets */ = {isa = PBXFileReference; lastKnownFileType = folder.assetcatalog; path = Assets.xcassets; sourceTree = "<group>"; };
		F0010000000000000000001E /* Airy.entitlements */ = {isa = PBXFileReference; lastKnownFileType = text.plist.entitlements; path = Airy.entitlements; sourceTree = "<group>"; };
		F0010000000000000000001F /* AppleSignInService.swift */ = {isa = PBXFileReference; lastKnownFileType = sourcecode.swift; path = AppleSignInService.swift; sourceTree = "<group>"; };
		F00100000000000000000020 /* OnboardingFlowView.swift */ = {isa = PBXFileReference; lastKnownFileType = sourcecode.swift; path = OnboardingFlowView.swift; sourceTree = "<group>"; };
		F00100000000000000000021 /* MonthDetailView.swift */ = {isa = PBXFileReference; lastKnownFileType = sourcecode.swift; path = MonthDetailView.swift; sourceTree = "<group>"; };
		F00100000000000000000022 /* MonthDetailViewModel.swift */ = {isa = PBXFileReference; lastKnownFileType = sourcecode.swift; path = MonthDetailViewModel.swift; sourceTree = "<group>"; };
		F00100000000000000000023 /* AmountKeyboardView.swift */ = {isa = PBXFileReference; lastKnownFileType = sourcecode.swift; path = AmountKeyboardView.swift; sourceTree = "<group>"; };
		F00100000000000000000024 /* AddActionSheetView.swift */ = {isa = PBXFileReference; lastKnownFileType = sourcecode.swift; path = AddActionSheetView.swift; sourceTree = "<group>"; };
		F00100000000000000000025 /* Subcategory.swift */ = {isa = PBXFileReference; lastKnownFileType = sourcecode.swift; path = Subcategory.swift; sourceTree = "<group>"; };
		F00100000000000000000026 /* NewSubcategorySheetView.swift */ = {isa = PBXFileReference; lastKnownFileType = sourcecode.swift; path = NewSubcategorySheetView.swift; sourceTree = "<group>"; };
		F00100000000000000000027 /* CategoriesSheetView.swift */ = {isa = PBXFileReference; lastKnownFileType = sourcecode.swift; path = CategoriesSheetView.swift; sourceTree = "<group>"; };
		F00100000000000000000028 /* KeychainHelper.swift */ = {isa = PBXFileReference; lastKnownFileType = sourcecode.swift; path = KeychainHelper.swift; sourceTree = "<group>"; };
		F00100000000000000000029 /* LocalModels.swift */ = {isa = PBXFileReference; lastKnownFileType = sourcecode.swift; path = LocalModels.swift; sourceTree = "<group>"; };
		F0010000000000000000002A /* LocalDataStore.swift */ = {isa = PBXFileReference; lastKnownFileType = sourcecode.swift; path = LocalDataStore.swift; sourceTree = "<group>"; };
		F0010000000000000000002B /* LocalOCRParser.swift */ = {isa = PBXFileReference; lastKnownFileType = sourcecode.swift; path = LocalOCRParser.swift; sourceTree = "<group>"; };
		TARG00000000000000000001 /* Airy.app */ = {isa = PBXFileReference; explicitFileType = wrapper.application; includeInIndex = 0; path = Airy.app; sourceTree = BUILT_PRODUCTS_DIR; };
/* End PBXFileReference section */

/* Begin PBXFrameworksBuildPhase section */
		FRMBP000000000000000001 /* Frameworks */ = {
			isa = PBXFrameworksBuildPhase;
			buildActionMask = 2147483647;
			files = (
			);
			runOnlyForDeploymentPostprocessing = 0;
		};
/* End PBXFrameworksBuildPhase section */

/* Begin PBXGroup section */
		BUILT000000000000000001 /* Products */ = {
			isa = PBXGroup;
			children = (
				TARG00000000000000000001 /* Airy.app */,
			);
			name = Products;
			sourceTree = "<group>";
		};
		GRP00000000000000000001 = {
			isa = PBXGroup;
			children = (
				GRP00000000000000000002 /* Airy */,
				F0010000000000000000001C /* Info.plist */,
				F0010000000000000000001D /* Assets.xcassets */,
				BUILT000000000000000001 /* Products */,
			);
			sourceTree = "<group>";
		};
		GRP00000000000000000002 /* Airy */ = {
			isa = PBXGroup;
			children = (
				GRP00000000000000000005 /* App */,
				GRP00000000000000000006 /* Core */,
				GRP00000000000000000007 /* Features */,
				GRP00000000000000000008 /* Shared */,
				GRP00000000000000000009 /* Services */,
				F0010000000000000000001E /* Airy.entitlements */,
			);
			path = Airy;
			sourceTree = "<group>";
		};
		GRP00000000000000000005 /* App */ = {
			isa = PBXGroup;
			children = (
				F00100000000000000000001 /* AiryApp.swift */,
				F00100000000000000000002 /* ContentView.swift */,
			);
			path = App;
			sourceTree = "<group>";
		};
		GRP00000000000000000006 /* Core */ = {
			isa = PBXGroup;
			children = (
				GRP0000000000000000000A /* API */,
				GRP0000000000000000000B /* Auth */,
				GRP00000000000000000015 /* Storage */,
			);
			path = Core;
			sourceTree = "<group>";
		};
		GRP00000000000000000015 /* Storage */ = {
			isa = PBXGroup;
			children = (
				F00100000000000000000029 /* LocalModels.swift */,
				F0010000000000000000002A /* LocalDataStore.swift */,
			);
			path = Storage;
			sourceTree = "<group>";
		};
		GRP00000000000000000007 /* Features */ = {
			isa = PBXGroup;
			children = (
				GRP0000000000000000000C /* Dashboard */,
				GRP0000000000000000000D /* Import */,
				GRP0000000000000000000E /* Insights */,
				GRP0000000000000000000F /* Onboarding */,
				GRP00000000000000000010 /* Paywall */,
				GRP00000000000000000011 /* Settings */,
				GRP00000000000000000012 /* Subscriptions */,
				GRP00000000000000000013 /* Transactions */,
			);
			path = Features;
			sourceTree = "<group>";
		};
		GRP00000000000000000008 /* Shared */ = {
			isa = PBXGroup;
			children = (
				GRP00000000000000000014 /* Components */,
			);
			path = Shared;
			sourceTree = "<group>";
		};
		GRP00000000000000000009 /* Services */ = {
			isa = PBXGroup;
			children = (
				F0010000000000000000001B /* OCRService.swift */,
				F0010000000000000000002B /* LocalOCRParser.swift */,
			);
			path = Services;
			sourceTree = "<group>";
		};
		GRP0000000000000000000A /* API */ = {
			isa = PBXGroup;
			children = (
				F00100000000000000000003 /* APIClient.swift */,
				F00100000000000000000004 /* Endpoints.swift */,
			);
			path = API;
			sourceTree = "<group>";
		};
		GRP0000000000000000000B /* Auth */ = {
			isa = PBXGroup;
			children = (
				F0010000000000000000001F /* AppleSignInService.swift */,
				F00100000000000000000005 /* AuthStore.swift */,
				F00100000000000000000028 /* KeychainHelper.swift */,
			);
			path = Auth;
			sourceTree = "<group>";
		};
		GRP0000000000000000000C /* Dashboard */ = {
			isa = PBXGroup;
			children = (
				F00100000000000000000006 /* DashboardView.swift */,
				F00100000000000000000007 /* DashboardViewModel.swift */,
			);
			path = Dashboard;
			sourceTree = "<group>";
		};
		GRP0000000000000000000D /* Import */ = {
			isa = PBXGroup;
			children = (
				F00100000000000000000008 /* ImportView.swift */,
				F00100000000000000000009 /* ImportViewModel.swift */,
				F0010000000000000000000A /* PendingReviewView.swift */,
				F0010000000000000000000B /* PendingReviewViewModel.swift */,
			);
			path = Import;
			sourceTree = "<group>";
		};
		GRP0000000000000000000E /* Insights */ = {
			isa = PBXGroup;
			children = (
				F0010000000000000000000C /* InsightsView.swift */,
				F0010000000000000000000D /* InsightsViewModel.swift */,
			);
			path = Insights;
			sourceTree = "<group>";
		};
		GRP0000000000000000000F /* Onboarding */ = {
			isa = PBXGroup;
			children = (
				F0010000000000000000000E /* OnboardingView.swift */,
				F00100000000000000000020 /* OnboardingFlowView.swift */,
			);
			path = Onboarding;
			sourceTree = "<group>";
		};
		GRP00000000000000000010 /* Paywall */ = {
			isa = PBXGroup;
			children = (
				F0010000000000000000000F /* PaywallView.swift */,
				F00100000000000000000010 /* PaywallViewModel.swift */,
				F00100000000000000000011 /* StoreKitService.swift */,
			);
			path = Paywall;
			sourceTree = "<group>";
		};
		GRP00000000000000000011 /* Settings */ = {
			isa = PBXGroup;
			children = (
				F00100000000000000000012 /* SettingsView.swift */,
			);
			path = Settings;
			sourceTree = "<group>";
		};
		GRP00000000000000000012 /* Subscriptions */ = {
			isa = PBXGroup;
			children = (
				F00100000000000000000013 /* SubscriptionsView.swift */,
				F00100000000000000000014 /* SubscriptionsViewModel.swift */,
			);
			path = Subscriptions;
			sourceTree = "<group>";
		};
		GRP00000000000000000013 /* Transactions */ = {
			isa = PBXGroup;
			children = (
				F00100000000000000000015 /* AddTransactionView.swift */,
				F00100000000000000000016 /* AddTransactionViewModel.swift */,
				F00100000000000000000023 /* AmountKeyboardView.swift */,
				F00100000000000000000017 /* TransactionDetailView.swift */,
				F00100000000000000000018 /* TransactionListView.swift */,
				F00100000000000000000019 /* TransactionListViewModel.swift */,
				F00100000000000000000021 /* MonthDetailView.swift */,
				F00100000000000000000022 /* MonthDetailViewModel.swift */,
				F00100000000000000000025 /* Subcategory.swift */,
				F00100000000000000000026 /* NewSubcategorySheetView.swift */,
				F00100000000000000000027 /* CategoriesSheetView.swift */,
			);
			path = Transactions;
			sourceTree = "<group>";
		};
		GRP00000000000000000014 /* Components */ = {
			isa = PBXGroup;
			children = (
				F00100000000000000000024 /* AddActionSheetView.swift */,
				F0010000000000000000001A /* MainTabView.swift */,
			);
			path = Components;
			sourceTree = "<group>";
		};
/* End PBXGroup section */

/* Begin PBXNativeTarget section */
		TARG00000000000000000002 /* Airy */ = {
			isa = PBXNativeTarget;
			buildConfigurationList = BCL00000000000000000001 /* Build configuration list for PBXNativeTarget "Airy" */;
			buildPhases = (
				SRCBP000000000000000001 /* Sources */,
				FRMBP000000000000000001 /* Frameworks */,
				RESBP000000000000000001 /* Resources */,
			);
			buildRules = (
			);
			dependencies = (
			);
			name = Airy;
			productName = Airy;
			productReference = TARG00000000000000000001 /* Airy.app */;
			productType = "com.apple.product-type.application";
		};
/* End PBXNativeTarget section */

/* Begin PBXProject section */
		PROJ00000000000000000001 /* Project object */ = {
			isa = PBXProject;
			attributes = {
				BuildIndependentTargetsInParallel = 1;
				LastSwiftUpdateCheck = 1500;
				LastUpgradeCheck = 1500;
			};
			buildConfigurationList = BCL00000000000000000002 /* Build configuration list for PBXProject "Airy" */;
			compatibilityVersion = "Xcode 14.0";
			developmentRegion = en;
			hasScannedForEncodings = 0;
			knownRegions = (
				en,
				Base,
			);
			mainGroup = GRP00000000000000000001;
			productRefGroup = BUILT000000000000000001 /* Products */;
			projectDirPath = "";
			projectRoot = "";
			targets = (
				TARG00000000000000000002 /* Airy */,
			);
		};
/* End PBXProject section */

/* Begin PBXResourcesBuildPhase section */
		RESBP000000000000000001 /* Resources */ = {
			isa = PBXResourcesBuildPhase;
			buildActionMask = 2147483647;
			files = (
				B0010000000000000000001D /* Assets.xcassets in Resources */,
			);
			runOnlyForDeploymentPostprocessing = 0;
		};
/* End PBXResourcesBuildPhase section */

/* Begin PBXSourcesBuildPhase section */
		SRCBP000000000000000001 /* Sources */ = {
			isa = PBXSourcesBuildPhase;
			buildActionMask = 2147483647;
			files = (
				B00100000000000000000001 /* AiryApp.swift in Sources */,
				B00100000000000000000002 /* ContentView.swift in Sources */,
				B00100000000000000000003 /* APIClient.swift in Sources */,
				B00100000000000000000004 /* Endpoints.swift in Sources */,
				B00100000000000000000005 /* AuthStore.swift in Sources */,
				B00100000000000000000006 /* DashboardView.swift in Sources */,
				B00100000000000000000007 /* DashboardViewModel.swift in Sources */,
				B00100000000000000000008 /* ImportView.swift in Sources */,
				B00100000000000000000009 /* ImportViewModel.swift in Sources */,
				B0010000000000000000000A /* PendingReviewView.swift in Sources */,
				B0010000000000000000000B /* PendingReviewViewModel.swift in Sources */,
				B0010000000000000000000C /* InsightsView.swift in Sources */,
				B0010000000000000000000D /* InsightsViewModel.swift in Sources */,
				B0010000000000000000000E /* OnboardingView.swift in Sources */,
				B0010000000000000000000F /* PaywallView.swift in Sources */,
				B00100000000000000000010 /* PaywallViewModel.swift in Sources */,
				B00100000000000000000011 /* StoreKitService.swift in Sources */,
				B00100000000000000000012 /* SettingsView.swift in Sources */,
				B00100000000000000000013 /* SubscriptionsView.swift in Sources */,
				B00100000000000000000014 /* SubscriptionsViewModel.swift in Sources */,
				B00100000000000000000015 /* AddTransactionView.swift in Sources */,
				B00100000000000000000016 /* AddTransactionViewModel.swift in Sources */,
				B00100000000000000000017 /* TransactionDetailView.swift in Sources */,
				B00100000000000000000018 /* TransactionListView.swift in Sources */,
				B00100000000000000000019 /* TransactionListViewModel.swift in Sources */,
				B00100000000000000000021 /* MonthDetailView.swift in Sources */,
				B00100000000000000000022 /* MonthDetailViewModel.swift in Sources */,
				B00100000000000000000023 /* AmountKeyboardView.swift in Sources */,
				B0010000000000000000001A /* MainTabView.swift in Sources */,
				B00100000000000000000024 /* AddActionSheetView.swift in Sources */,
				B00100000000000000000025 /* Subcategory.swift in Sources */,
				B00100000000000000000026 /* NewSubcategorySheetView.swift in Sources */,
				B00100000000000000000027 /* CategoriesSheetView.swift in Sources */,
				B0010000000000000000001B /* OCRService.swift in Sources */,
				B0010000000000000000001E /* AppleSignInService.swift in Sources */,
				B00100000000000000000020 /* OnboardingFlowView.swift in Sources */,
				B00100000000000000000028 /* KeychainHelper.swift in Sources */,
				B00100000000000000000029 /* LocalModels.swift in Sources */,
				B0010000000000000000002A /* LocalDataStore.swift in Sources */,
				B0010000000000000000002B /* LocalOCRParser.swift in Sources */,
			);
			runOnlyForDeploymentPostprocessing = 0;
		};
/* End PBXSourcesBuildPhase section */

/* Begin XCBuildConfiguration section */
		BCF00000000000000000001 /* Debug */ = {
			isa = XCBuildConfiguration;
			buildSettings = {
				ALWAYS_SEARCH_USER_PATHS = NO;
				ASSETCATALOG_COMPILER_GENERATE_SWIFT_ASSET_SYMBOL_EXTENSIONS = YES;
				CLANG_ANALYZER_NONNULL = YES;
				CLANG_ANALYZER_NUMBER_OBJECT_CONVERSION = YES_AGGRESSIVE;
				CLANG_CXX_LANGUAGE_STANDARD = "gnu++20";
				CLANG_ENABLE_MODULES = YES;
				CLANG_ENABLE_OBJC_ARC = YES;
				CLANG_ENABLE_OBJC_WEAK = YES;
				CLANG_WARN_BLOCK_CAPTURE_AUTORELEASING = YES;
				CLANG_WARN_BOOL_CONVERSION = YES;
				CLANG_WARN_COMMA = YES;
				CLANG_WARN_CONSTANT_CONVERSION = YES;
				CLANG_WARN_DEPRECATED_OBJC_IMPLEMENTATIONS = YES;
				CLANG_WARN_DIRECT_OBJC_ISA_USAGE = YES_ERROR;
				CLANG_WARN_DOCUMENTATION_COMMENTS = YES;
				CLANG_WARN_EMPTY_BODY = YES;
				CLANG_WARN_ENUM_CONVERSION = YES;
				CLANG_WARN_INFINITE_RECURSION = YES;
				CLANG_WARN_INT_CONVERSION = YES;
				CLANG_WARN_NON_LITERAL_NULL_CONVERSION = YES;
				CLANG_WARN_OBJC_IMPLICIT_RETAIN_SELF = YES;
				CLANG_WARN_OBJC_LITERAL_CONVERSION = YES;
				CLANG_WARN_OBJC_ROOT_CLASS = YES_ERROR;
				CLANG_WARN_QUOTED_INCLUDE_IN_FRAMEWORK_HEADER = YES;
				CLANG_WARN_RANGE_LOOP_ANALYSIS = YES;
				CLANG_WARN_STRICT_PROTOTYPES = YES;
				CLANG_WARN_SUSPICIOUS_MOVE = YES;
				CLANG_WARN_UNGUARDED_AVAILABILITY = YES_AGGRESSIVE;
				CLANG_WARN_UNREACHABLE_CODE = YES;
				CLANG_WARN__DUPLICATE_METHOD_MATCH = YES;
				COPY_PHASE_STRIP = NO;
				DEBUG_INFORMATION_FORMAT = dwarf;
				ENABLE_STRICT_OBJC_MSGSEND = YES;
				ENABLE_TESTABILITY = YES;
				ENABLE_USER_SCRIPT_SANDBOXING = YES;
				GCC_C_LANGUAGE_STANDARD = gnu17;
				GCC_DYNAMIC_NO_PIC = NO;
				GCC_NO_COMMON_BLOCKS = YES;
				GCC_OPTIMIZATION_LEVEL = 0;
				GCC_PREPROCESSOR_DEFINITIONS = (
					"DEBUG=1",
					"$(inherited)",
				);
				GCC_WARN_64_TO_32_BIT_CONVERSION = YES;
				GCC_WARN_ABOUT_RETURN_TYPE = YES_ERROR;
				GCC_WARN_UNDECLARED_SELECTOR = YES;
				GCC_WARN_UNINITIALIZED_AUTOS = YES_AGGRESSIVE;
				GCC_WARN_UNUSED_FUNCTION = YES;
				GCC_WARN_UNUSED_VARIABLE = YES;
				LOCALIZATION_PREFERS_STRING_CATALOGS = YES;
				MTL_ENABLE_DEBUG_INFO = INCLUDE_SOURCE;
				MTL_FAST_MATH = YES;
				ONLY_ACTIVE_ARCH = YES;
				SWIFT_ACTIVE_COMPILATION_CONDITIONS = "DEBUG $(inherited)";
				SWIFT_OPTIMIZATION_LEVEL = "-Onone";
			};
			name = Debug;
		};
		BCF00000000000000000002 /* Release */ = {
			isa = XCBuildConfiguration;
			buildSettings = {
				ALWAYS_SEARCH_USER_PATHS = NO;
				ASSETCATALOG_COMPILER_GENERATE_SWIFT_ASSET_SYMBOL_EXTENSIONS = YES;
				CLANG_ANALYZER_NONNULL = YES;
				CLANG_ANALYZER_NUMBER_OBJECT_CONVERSION = YES_AGGRESSIVE;
				CLANG_CXX_LANGUAGE_STANDARD = "gnu++20";
				CLANG_ENABLE_MODULES = YES;
				CLANG_ENABLE_OBJC_ARC = YES;
				CLANG_ENABLE_OBJC_WEAK = YES;
				CLANG_WARN_BLOCK_CAPTURE_AUTORELEASING = YES;
				CLANG_WARN_BOOL_CONVERSION = YES;
				CLANG_WARN_COMMA = YES;
				CLANG_WARN_CONSTANT_CONVERSION = YES;
				CLANG_WARN_DEPRECATED_OBJC_IMPLEMENTATIONS = YES;
				CLANG_WARN_DIRECT_OBJC_ISA_USAGE = YES_ERROR;
				CLANG_WARN_DOCUMENTATION_COMMENTS = YES;
				CLANG_WARN_EMPTY_BODY = YES;
				CLANG_WARN_ENUM_CONVERSION = YES;
				CLANG_WARN_INFINITE_RECURSION = YES;
				CLANG_WARN_INT_CONVERSION = YES;
				CLANG_WARN_NON_LITERAL_NULL_CONVERSION = YES;
				CLANG_WARN_OBJC_IMPLICIT_RETAIN_SELF = YES;
				CLANG_WARN_OBJC_LITERAL_CONVERSION = YES;
				CLANG_WARN_OBJC_ROOT_CLASS = YES_ERROR;
				CLANG_WARN_QUOTED_INCLUDE_IN_FRAMEWORK_HEADER = YES;
				CLANG_WARN_RANGE_LOOP_ANALYSIS = YES;
				CLANG_WARN_STRICT_PROTOTYPES = YES;
				CLANG_WARN_SUSPICIOUS_MOVE = YES;
				CLANG_WARN_UNGUARDED_AVAILABILITY = YES_AGGRESSIVE;
				CLANG_WARN_UNREACHABLE_CODE = YES;
				CLANG_WARN__DUPLICATE_METHOD_MATCH = YES;
				COPY_PHASE_STRIP = NO;
				DEBUG_INFORMATION_FORMAT = "dwarf-with-dsym";
				ENABLE_NS_ASSERTIONS = NO;
				ENABLE_STRICT_OBJC_MSGSEND = YES;
				ENABLE_USER_SCRIPT_SANDBOXING = YES;
				GCC_C_LANGUAGE_STANDARD = gnu17;
				GCC_NO_COMMON_BLOCKS = YES;
				GCC_WARN_64_TO_32_BIT_CONVERSION = YES;
				GCC_WARN_ABOUT_RETURN_TYPE = YES_ERROR;
				GCC_WARN_UNDECLARED_SELECTOR = YES;
				GCC_WARN_UNINITIALIZED_AUTOS = YES_AGGRESSIVE;
				GCC_WARN_UNUSED_FUNCTION = YES;
				GCC_WARN_UNUSED_VARIABLE = YES;
				LOCALIZATION_PREFERS_STRING_CATALOGS = YES;
				MTL_ENABLE_DEBUG_INFO = NO;
				MTL_FAST_MATH = YES;
				SWIFT_COMPILATION_MODE = wholemodule;
			};
			name = Release;
		};
		BCF00000000000000000003 /* Debug */ = {
			isa = XCBuildConfiguration;
			buildSettings = {
				AIRY_API_BASE_URL = "http://localhost:3000";
				ASSETCATALOG_COMPILER_APPICON_NAME = AppIcon;
				ASSETCATALOG_COMPILER_GLOBAL_ACCENT_COLOR_NAME = AccentColor;
				CODE_SIGN_ENTITLEMENTS = Airy/Airy.entitlements;
				CODE_SIGN_STYLE = Automatic;
				CURRENT_PROJECT_VERSION = 1;
				DEVELOPMENT_ASSET_PATHS = "";
				DEVELOPMENT_TEAM = 9QHBAG79D9;
				ENABLE_PREVIEWS = YES;
				GENERATE_INFOPLIST_FILE = NO;
				INFOPLIST_FILE = Info.plist;
				INFOPLIST_KEY_CFBundleDisplayName = Airy;
				INFOPLIST_KEY_UIApplicationSceneManifest_Generation = YES;
				INFOPLIST_KEY_UIApplicationSupportsIndirectInputEvents = YES;
				INFOPLIST_KEY_UILaunchScreen_Generation = YES;
				IPHONEOS_DEPLOYMENT_TARGET = 17.0;
				LD_RUNPATH_SEARCH_PATHS = (
					"$(inherited)",
					"@executable_path/Frameworks",
				);
				MARKETING_VERSION = 1.0;
				PRODUCT_BUNDLE_IDENTIFIER = com.solosoft.airy;
				PRODUCT_NAME = "$(TARGET_NAME)";
				SDKROOT = iphoneos;
				SUPPORTED_PLATFORMS = "iphoneos iphonesimulator";
				SUPPORTS_MACCATALYST = NO;
				SUPPORTS_MAC_DESIGNED_FOR_IPHONE_IPAD = NO;
				SUPPORTS_XR_DESIGNED_FOR_IPHONE_IPAD = NO;
				SWIFT_EMIT_LOC_STRINGS = YES;
				SWIFT_VERSION = 5.0;
				TARGETED_DEVICE_FAMILY = 1;
			};
			name = Debug;
		};
		BCF00000000000000000004 /* Release */ = {
			isa = XCBuildConfiguration;
			buildSettings = {
				AIRY_API_BASE_URL = "https://api.airy.app";
				ASSETCATALOG_COMPILER_APPICON_NAME = AppIcon;
				ASSETCATALOG_COMPILER_GLOBAL_ACCENT_COLOR_NAME = AccentColor;
				CODE_SIGN_ENTITLEMENTS = Airy/Airy.entitlements;
				CODE_SIGN_STYLE = Automatic;
				CURRENT_PROJECT_VERSION = 1;
				DEVELOPMENT_ASSET_PATHS = "";
				DEVELOPMENT_TEAM = 9QHBAG79D9;
				ENABLE_PREVIEWS = YES;
				GENERATE_INFOPLIST_FILE = NO;
				INFOPLIST_FILE = Info.plist;
				INFOPLIST_KEY_CFBundleDisplayName = Airy;
				INFOPLIST_KEY_UIApplicationSceneManifest_Generation = YES;
				INFOPLIST_KEY_UIApplicationSupportsIndirectInputEvents = YES;
				INFOPLIST_KEY_UILaunchScreen_Generation = YES;
				IPHONEOS_DEPLOYMENT_TARGET = 17.0;
				LD_RUNPATH_SEARCH_PATHS = (
					"$(inherited)",
					"@executable_path/Frameworks",
				);
				MARKETING_VERSION = 1.0;
				PRODUCT_BUNDLE_IDENTIFIER = com.solosoft.airy;
				PRODUCT_NAME = "$(TARGET_NAME)";
				SDKROOT = iphoneos;
				SUPPORTED_PLATFORMS = "iphoneos iphonesimulator";
				SUPPORTS_MACCATALYST = NO;
				SUPPORTS_MAC_DESIGNED_FOR_IPHONE_IPAD = NO;
				SUPPORTS_XR_DESIGNED_FOR_IPHONE_IPAD = NO;
				SWIFT_EMIT_LOC_STRINGS = YES;
				SWIFT_VERSION = 5.0;
				TARGETED_DEVICE_FAMILY = 1;
			};
			name = Release;
		};
/* End XCBuildConfiguration section */

/* Begin XCConfigurationList section */
		BCL00000000000000000001 /* Build configuration list for PBXNativeTarget "Airy" */ = {
			isa = XCConfigurationList;
			buildConfigurations = (
				BCF00000000000000000003 /* Debug */,
				BCF00000000000000000004 /* Release */,
			);
			defaultConfigurationIsVisible = 0;
			defaultConfigurationName = Release;
		};
		BCL00000000000000000002 /* Build configuration list for PBXProject "Airy" */ = {
			isa = XCConfigurationList;
			buildConfigurations = (
				BCF00000000000000000001 /* Debug */,
				BCF00000000000000000002 /* Release */,
			);
			defaultConfigurationIsVisible = 0;
			defaultConfigurationName = Release;
		};
/* End XCConfigurationList section */
	};
	rootObject = PROJ00000000000000000001 /* Project object */;
}
